// !$*UTF8*$!
{
	archiveVersion = 1;
	classes = {
	};
	objectVersion = 56;
	objects = {

/* Begin PBXBuildFile section */
		2FEBFE7B296C365900BCC8CE /* AppDelegate.swift in Sources */ = {isa = PBXBuildFile; fileRef = 2FEBFE7A296C365900BCC8CE /* AppDelegate.swift */; };
		2FEBFE7D296C365900BCC8CE /* SceneDelegate.swift in Sources */ = {isa = PBXBuildFile; fileRef = 2FEBFE7C296C365900BCC8CE /* SceneDelegate.swift */; };
		2FEBFE7F296C365900BCC8CE /* ViewController.swift in Sources */ = {isa = PBXBuildFile; fileRef = 2FEBFE7E296C365900BCC8CE /* ViewController.swift */; };
		2FEBFE82296C365900BCC8CE /* Main.storyboard in Resources */ = {isa = PBXBuildFile; fileRef = 2FEBFE80296C365900BCC8CE /* Main.storyboard */; };
		2FEBFE84296C365B00BCC8CE /* Assets.xcassets in Resources */ = {isa = PBXBuildFile; fileRef = 2FEBFE83296C365B00BCC8CE /* Assets.xcassets */; };
		2FEBFE87296C365B00BCC8CE /* LaunchScreen.storyboard in Resources */ = {isa = PBXBuildFile; fileRef = 2FEBFE85296C365B00BCC8CE /* LaunchScreen.storyboard */; };
		2FEBFE94296C373800BCC8CE /* Second.storyboard in Resources */ = {isa = PBXBuildFile; fileRef = 2FEBFE93296C373800BCC8CE /* Second.storyboard */; };
		2FEBFE96296C375000BCC8CE /* First.storyboard in Resources */ = {isa = PBXBuildFile; fileRef = 2FEBFE95296C375000BCC8CE /* First.storyboard */; };
		2FEBFE98296C375900BCC8CE /* Third.storyboard in Resources */ = {isa = PBXBuildFile; fileRef = 2FEBFE97296C375900BCC8CE /* Third.storyboard */; };
/* End PBXBuildFile section */

/* Begin PBXFileReference section */
		2FEBFE77296C365900BCC8CE /* UIControlBasic.app */ = {isa = PBXFileReference; explicitFileType = wrapper.application; includeInIndex = 0; path = UIControlBasic.app; sourceTree = BUILT_PRODUCTS_DIR; };
		2FEBFE7A296C365900BCC8CE /* AppDelegate.swift */ = {isa = PBXFileReference; lastKnownFileType = sourcecode.swift; path = AppDelegate.swift; sourceTree = "<group>"; };
		2FEBFE7C296C365900BCC8CE /* SceneDelegate.swift */ = {isa = PBXFileReference; lastKnownFileType = sourcecode.swift; path = SceneDelegate.swift; sourceTree = "<group>"; };
		2FEBFE7E296C365900BCC8CE /* ViewController.swift */ = {isa = PBXFileReference; lastKnownFileType = sourcecode.swift; path = ViewController.swift; sourceTree = "<group>"; };
		2FEBFE81296C365900BCC8CE /* Base */ = {isa = PBXFileReference; lastKnownFileType = file.storyboard; name = Base; path = Base.lproj/Main.storyboard; sourceTree = "<group>"; };
		2FEBFE83296C365B00BCC8CE /* Assets.xcassets */ = {isa = PBXFileReference; lastKnownFileType = folder.assetcatalog; path = Assets.xcassets; sourceTree = "<group>"; };
		2FEBFE86296C365B00BCC8CE /* Base */ = {isa = PBXFileReference; lastKnownFileType = file.storyboard; name = Base; path = Base.lproj/LaunchScreen.storyboard; sourceTree = "<group>"; };
		2FEBFE88296C365B00BCC8CE /* Info.plist */ = {isa = PBXFileReference; lastKnownFileType = text.plist.xml; path = Info.plist; sourceTree = "<group>"; };
		2FEBFE93296C373800BCC8CE /* Second.storyboard */ = {isa = PBXFileReference; lastKnownFileType = file.storyboard; path = Second.storyboard; sourceTree = "<group>"; };
		2FEBFE95296C375000BCC8CE /* First.storyboard */ = {isa = PBXFileReference; lastKnownFileType = file.storyboard; path = First.storyboard; sourceTree = "<group>"; };
		2FEBFE97296C375900BCC8CE /* Third.storyboard */ = {isa = PBXFileReference; lastKnownFileType = file.storyboard; path = Third.storyboard; sourceTree = "<group>"; };
/* End PBXFileReference section */

/* Begin PBXFrameworksBuildPhase section */
		2FEBFE74296C365900BCC8CE /* Frameworks */ = {
			isa = PBXFrameworksBuildPhase;
			buildActionMask = 2147483647;
			files = (
			);
			runOnlyForDeploymentPostprocessing = 0;
		};
/* End PBXFrameworksBuildPhase section */

/* Begin PBXGroup section */
		2FEBFE6E296C365900BCC8CE = {
			isa = PBXGroup;
			children = (
				2FEBFE79296C365900BCC8CE /* UIControlBasic */,
				2FEBFE78296C365900BCC8CE /* Products */,
			);
			sourceTree = "<group>";
		};
		2FEBFE78296C365900BCC8CE /* Products */ = {
			isa = PBXGroup;
			children = (
				2FEBFE77296C365900BCC8CE /* UIControlBasic.app */,
			);
			name = Products;
			sourceTree = "<group>";
		};
		2FEBFE79296C365900BCC8CE /* UIControlBasic */ = {
			isa = PBXGroup;
			children = (
				2FEBFE90296C369B00BCC8CE /* Utils */,
				2FEBFE8F296C369400BCC8CE /* ViewControllers */,
				2FEBFE8E296C368800BCC8CE /* StoryBoards */,
				2FEBFE7A296C365900BCC8CE /* AppDelegate.swift */,
				2FEBFE7C296C365900BCC8CE /* SceneDelegate.swift */,
				2FEBFE83296C365B00BCC8CE /* Assets.xcassets */,
				2FEBFE88296C365B00BCC8CE /* Info.plist */,
			);
			path = UIControlBasic;
			sourceTree = "<group>";
		};
		2FEBFE8E296C368800BCC8CE /* StoryBoards */ = {
			isa = PBXGroup;
			children = (
				2FEBFE80296C365900BCC8CE /* Main.storyboard */,
				2FEBFE85296C365B00BCC8CE /* LaunchScreen.storyboard */,
				2FEBFE95296C375000BCC8CE /* First.storyboard */,
				2FEBFE93296C373800BCC8CE /* Second.storyboard */,
				2FEBFE97296C375900BCC8CE /* Third.storyboard */,
			);
			path = StoryBoards;
			sourceTree = "<group>";
		};
		2FEBFE8F296C369400BCC8CE /* ViewControllers */ = {
			isa = PBXGroup;
			children = (
				2FEBFE7E296C365900BCC8CE /* ViewController.swift */,
			);
			path = ViewControllers;
			sourceTree = "<group>";
		};
		2FEBFE90296C369B00BCC8CE /* Utils */ = {
			isa = PBXGroup;
			children = (
			);
			path = Utils;
			sourceTree = "<group>";
		};
/* End PBXGroup section */

/* Begin PBXNativeTarget section */
		2FEBFE76296C365900BCC8CE /* UIControlBasic */ = {
			isa = PBXNativeTarget;
			buildConfigurationList = 2FEBFE8B296C365B00BCC8CE /* Build configuration list for PBXNativeTarget "UIControlBasic" */;
			buildPhases = (
				2FEBFE73296C365900BCC8CE /* Sources */,
				2FEBFE74296C365900BCC8CE /* Frameworks */,
				2FEBFE75296C365900BCC8CE /* Resources */,
			);
			buildRules = (
			);
			dependencies = (
			);
			name = UIControlBasic;
			productName = UIControlBasic;
			productReference = 2FEBFE77296C365900BCC8CE /* UIControlBasic.app */;
			productType = "com.apple.product-type.application";
		};
/* End PBXNativeTarget section */

/* Begin PBXProject section */
		2FEBFE6F296C365900BCC8CE /* Project object */ = {
			isa = PBXProject;
			attributes = {
				BuildIndependentTargetsInParallel = 1;
				LastSwiftUpdateCheck = 1400;
				LastUpgradeCheck = 1400;
				TargetAttributes = {
					2FEBFE76296C365900BCC8CE = {
						CreatedOnToolsVersion = 14.0;
					};
				};
			};
			buildConfigurationList = 2FEBFE72296C365900BCC8CE /* Build configuration list for PBXProject "UIControlBasic" */;
			compatibilityVersion = "Xcode 14.0";
			developmentRegion = en;
			hasScannedForEncodings = 0;
			knownRegions = (
				en,
				Base,
			);
			mainGroup = 2FEBFE6E296C365900BCC8CE;
			productRefGroup = 2FEBFE78296C365900BCC8CE /* Products */;
			projectDirPath = "";
			projectRoot = "";
			targets = (
				2FEBFE76296C365900BCC8CE /* UIControlBasic */,
			);
		};
/* End PBXProject section */

/* Begin PBXResourcesBuildPhase section */
		2FEBFE75296C365900BCC8CE /* Resources */ = {
			isa = PBXResourcesBuildPhase;
			buildActionMask = 2147483647;
			files = (
				2FEBFE87296C365B00BCC8CE /* LaunchScreen.storyboard in Resources */,
				2FEBFE84296C365B00BCC8CE /* Assets.xcassets in Resources */,
				2FEBFE94296C373800BCC8CE /* Second.storyboard in Resources */,
				2FEBFE82296C365900BCC8CE /* Main.storyboard in Resources */,
				2FEBFE98296C375900BCC8CE /* Third.storyboard in Resources */,
				2FEBFE96296C375000BCC8CE /* First.storyboard in Resources */,
			);
			runOnlyForDeploymentPostprocessing = 0;
		};
/* End PBXResourcesBuildPhase section */

/* Begin PBXSourcesBuildPhase section */
		2FEBFE73296C365900BCC8CE /* Sources */ = {
			isa = PBXSourcesBuildPhase;
			buildActionMask = 2147483647;
			files = (
				2FEBFE7F296C365900BCC8CE /* ViewController.swift in Sources */,
				2FEBFE7B296C365900BCC8CE /* AppDelegate.swift in Sources */,
				2FEBFE7D296C365900BCC8CE /* SceneDelegate.swift in Sources */,
			);
			runOnlyForDeploymentPostprocessing = 0;
		};
/* End PBXSourcesBuildPhase section */

/* Begin PBXVariantGroup section */
		2FEBFE80296C365900BCC8CE /* Main.storyboard */ = {
			isa = PBXVariantGroup;
			children = (
				2FEBFE81296C365900BCC8CE /* Base */,
			);
			name = Main.storyboard;
			sourceTree = "<group>";
		};
		2FEBFE85296C365B00BCC8CE /* LaunchScreen.storyboard */ = {
			isa = PBXVariantGroup;
			children = (
				2FEBFE86296C365B00BCC8CE /* Base */,
			);
			name = LaunchScreen.storyboard;
			sourceTree = "<group>";
		};
/* End PBXVariantGroup section */

/* Begin XCBuildConfiguration section */
		2FEBFE89296C365B00BCC8CE /* Debug */ = {
			isa = XCBuildConfiguration;
			buildSettings = {
				ALWAYS_SEARCH_USER_PATHS = NO;
				CLANG_ANALYZER_NONNULL = YES;
				CLANG_ANALYZER_NUMBER_OBJECT_CONVERSION = YES_AGGRESSIVE;
				CLANG_CXX_LANGUAGE_STANDARD = "gnu++20";
				CLANG_ENABLE_MODULES = YES;
				CLANG_ENABLE_OBJC_ARC = YES;
				CLANG_ENABLE_OBJC_WEAK = YES;
				CLANG_WARN_BLOCK_CAPTURE_AUTORELEASING = YES;
				CLANG_WARN_BOOL_CONVERSION = YES;
				CLANG_WARN_COMMA = YES;
				CLANG_WARN_CONSTANT_CONVERSION = YES;
				CLANG_WARN_DEPRECATED_OBJC_IMPLEMENTATIONS = YES;
				CLANG_WARN_DIRECT_OBJC_ISA_USAGE = YES_ERROR;
				CLANG_WARN_DOCUMENTATION_COMMENTS = YES;
				CLANG_WARN_EMPTY_BODY = YES;
				CLANG_WARN_ENUM_CONVERSION = YES;
				CLANG_WARN_INFINITE_RECURSION = YES;
				CLANG_WARN_INT_CONVERSION = YES;
				CLANG_WARN_NON_LITERAL_NULL_CONVERSION = YES;
				CLANG_WARN_OBJC_IMPLICIT_RETAIN_SELF = YES;
				CLANG_WARN_OBJC_LITERAL_CONVERSION = YES;
				CLANG_WARN_OBJC_ROOT_CLASS = YES_ERROR;
				CLANG_WARN_QUOTED_INCLUDE_IN_FRAMEWORK_HEADER = YES;
				CLANG_WARN_RANGE_LOOP_ANALYSIS = YES;
				CLANG_WARN_STRICT_PROTOTYPES = YES;
				CLANG_WARN_SUSPICIOUS_MOVE = YES;
				CLANG_WARN_UNGUARDED_AVAILABILITY = YES_AGGRESSIVE;
				CLANG_WARN_UNREACHABLE_CODE = YES;
				CLANG_WARN__DUPLICATE_METHOD_MATCH = YES;
				COPY_PHASE_STRIP = NO;
				DEBUG_INFORMATION_FORMAT = dwarf;
				ENABLE_STRICT_OBJC_MSGSEND = YES;
				ENABLE_TESTABILITY = YES;
				GCC_C_LANGUAGE_STANDARD = gnu11;
				GCC_DYNAMIC_NO_PIC = NO;
				GCC_NO_COMMON_BLOCKS = YES;
				GCC_OPTIMIZATION_LEVEL = 0;
				GCC_PREPROCESSOR_DEFINITIONS = (
					"DEBUG=1",
					"$(inherited)",
				);
				GCC_WARN_64_TO_32_BIT_CONVERSION = YES;
				GCC_WARN_ABOUT_RETURN_TYPE = YES_ERROR;
				GCC_WARN_UNDECLARED_SELECTOR = YES;
				GCC_WARN_UNINITIALIZED_AUTOS = YES_AGGRESSIVE;
				GCC_WARN_UNUSED_FUNCTION = YES;
				GCC_WARN_UNUSED_VARIABLE = YES;
				IPHONEOS_DEPLOYMENT_TARGET = 16.0;
				MTL_ENABLE_DEBUG_INFO = INCLUDE_SOURCE;
				MTL_FAST_MATH = YES;
				ONLY_ACTIVE_ARCH = YES;
				SDKROOT = iphoneos;
				SWIFT_ACTIVE_COMPILATION_CONDITIONS = DEBUG;
				SWIFT_OPTIMIZATION_LEVEL = "-Onone";
			};
			name = Debug;
		};
		2FEBFE8A296C365B00BCC8CE /* Release */ = {
			isa = XCBuildConfiguration;
			buildSettings = {
				ALWAYS_SEARCH_USER_PATHS = NO;
				CLANG_ANALYZER_NONNULL = YES;
				CLANG_ANALYZER_NUMBER_OBJECT_CONVERSION = YES_AGGRESSIVE;
				CLANG_CXX_LANGUAGE_STANDARD = "gnu++20";
				CLANG_ENABLE_MODULES = YES;
				CLANG_ENABLE_OBJC_ARC = YES;
				CLANG_ENABLE_OBJC_WEAK = YES;
				CLANG_WARN_BLOCK_CAPTURE_AUTORELEASING = YES;
				CLANG_WARN_BOOL_CONVERSION = YES;
				CLANG_WARN_COMMA = YES;
				CLANG_WARN_CONSTANT_CONVERSION = YES;
				CLANG_WARN_DEPRECATED_OBJC_IMPLEMENTATIONS = YES;
				CLANG_WARN_DIRECT_OBJC_ISA_USAGE = YES_ERROR;
				CLANG_WARN_DOCUMENTATION_COMMENTS = YES;
				CLANG_WARN_EMPTY_BODY = YES;
				CLANG_WARN_ENUM_CONVERSION = YES;
				CLANG_WARN_INFINITE_RECURSION = YES;
				CLANG_WARN_INT_CONVERSION = YES;
				CLANG_WARN_NON_LITERAL_NULL_CONVERSION = YES;
				CLANG_WARN_OBJC_IMPLICIT_RETAIN_SELF = YES;
				CLANG_WARN_OBJC_LITERAL_CONVERSION = YES;
				CLANG_WARN_OBJC_ROOT_CLASS = YES_ERROR;
				CLANG_WARN_QUOTED_INCLUDE_IN_FRAMEWORK_HEADER = YES;
				CLANG_WARN_RANGE_LOOP_ANALYSIS = YES;
				CLANG_WARN_STRICT_PROTOTYPES = YES;
				CLANG_WARN_SUSPICIOUS_MOVE = YES;
				CLANG_WARN_UNGUARDED_AVAILABILITY = YES_AGGRESSIVE;
				CLANG_WARN_UNREACHABLE_CODE = YES;
				CLANG_WARN__DUPLICATE_METHOD_MATCH = YES;
				COPY_PHASE_STRIP = NO;
				DEBUG_INFORMATION_FORMAT = "dwarf-with-dsym";
				ENABLE_NS_ASSERTIONS = NO;
				ENABLE_STRICT_OBJC_MSGSEND = YES;
				GCC_C_LANGUAGE_STANDARD = gnu11;
				GCC_NO_COMMON_BLOCKS = YES;
				GCC_WARN_64_TO_32_BIT_CONVERSION = YES;
				GCC_WARN_ABOUT_RETURN_TYPE = YES_ERROR;
				GCC_WARN_UNDECLARED_SELECTOR = YES;
				GCC_WARN_UNINITIALIZED_AUTOS = YES_AGGRESSIVE;
				GCC_WARN_UNUSED_FUNCTION = YES;
				GCC_WARN_UNUSED_VARIABLE = YES;
				IPHONEOS_DEPLOYMENT_TARGET = 16.0;
				MTL_ENABLE_DEBUG_INFO = NO;
				MTL_FAST_MATH = YES;
				SDKROOT = iphoneos;
				SWIFT_COMPILATION_MODE = wholemodule;
				SWIFT_OPTIMIZATION_LEVEL = "-O";
				VALIDATE_PRODUCT = YES;
			};
			name = Release;
		};
		2FEBFE8C296C365B00BCC8CE /* Debug */ = {
			isa = XCBuildConfiguration;
			buildSettings = {
				ASSETCATALOG_COMPILER_APPICON_NAME = AppIcon;
				ASSETCATALOG_COMPILER_GLOBAL_ACCENT_COLOR_NAME = AccentColor;
				CODE_SIGN_STYLE = Automatic;
				CURRENT_PROJECT_VERSION = 1;
				GENERATE_INFOPLIST_FILE = YES;
				INFOPLIST_FILE = UIControlBasic/Info.plist;
				INFOPLIST_KEY_UIApplicationSupportsIndirectInputEvents = YES;
				INFOPLIST_KEY_UILaunchStoryboardName = LaunchScreen;
				INFOPLIST_KEY_UIMainStoryboardFile = Main;
				INFOPLIST_KEY_UISupportedInterfaceOrientations_iPad = "UIInterfaceOrientationPortrait UIInterfaceOrientationPortraitUpsideDown UIInterfaceOrientationLandscapeLeft UIInterfaceOrientationLandscapeRight";
				INFOPLIST_KEY_UISupportedInterfaceOrientations_iPhone = "UIInterfaceOrientationPortrait UIInterfaceOrientationLandscapeLeft UIInterfaceOrientationLandscapeRight";
				LD_RUNPATH_SEARCH_PATHS = (
					"$(inherited)",
					"@executable_path/Frameworks",
				);
				MARKETING_VERSION = 1.0;
				PRODUCT_BUNDLE_IDENTIFIER = com.yeonsu.UIControlBasic;
				PRODUCT_NAME = "$(TARGET_NAME)";
				SWIFT_EMIT_LOC_STRINGS = YES;
				SWIFT_VERSION = 5.0;
				TARGETED_DEVICE_FAMILY = "1,2";
			};
			name = Debug;
		};
		2FEBFE8D296C365B00BCC8CE /* Release */ = {
			isa = XCBuildConfiguration;
			buildSettings = {
				ASSETCATALOG_COMPILER_APPICON_NAME = AppIcon;
				ASSETCATALOG_COMPILER_GLOBAL_ACCENT_COLOR_NAME = AccentColor;
				CODE_SIGN_STYLE = Automatic;
				CURRENT_PROJECT_VERSION = 1;
				GENERATE_INFOPLIST_FILE = YES;
				INFOPLIST_FILE = UIControlBasic/Info.plist;
				INFOPLIST_KEY_UIApplicationSupportsIndirectInputEvents = YES;
				INFOPLIST_KEY_UILaunchStoryboardName = LaunchScreen;
				INFOPLIST_KEY_UIMainStoryboardFile = Main;
				INFOPLIST_KEY_UISupportedInterfaceOrientations_iPad = "UIInterfaceOrientationPortrait UIInterfaceOrientationPortraitUpsideDown UIInterfaceOrientationLandscapeLeft UIInterfaceOrientationLandscapeRight";
				INFOPLIST_KEY_UISupportedInterfaceOrientations_iPhone = "UIInterfaceOrientationPortrait UIInterfaceOrientationLandscapeLeft UIInterfaceOrientationLandscapeRight";
				LD_RUNPATH_SEARCH_PATHS = (
					"$(inherited)",
					"@executable_path/Frameworks",
				);
				MARKETING_VERSION = 1.0;
				PRODUCT_BUNDLE_IDENTIFIER = com.yeonsu.UIControlBasic;
				PRODUCT_NAME = "$(TARGET_NAME)";
				SWIFT_EMIT_LOC_STRINGS = YES;
				SWIFT_VERSION = 5.0;
				TARGETED_DEVICE_FAMILY = "1,2";
			};
			name = Release;
		};
/* End XCBuildConfiguration section */

/* Begin XCConfigurationList section */
		2FEBFE72296C365900BCC8CE /* Build configuration list for PBXProject "UIControlBasic" */ = {
			isa = XCConfigurationList;
			buildConfigurations = (
				2FEBFE89296C365B00BCC8CE /* Debug */,
				2FEBFE8A296C365B00BCC8CE /* Release */,
			);
			defaultConfigurationIsVisible = 0;
			defaultConfigurationName = Release;
		};
		2FEBFE8B296C365B00BCC8CE /* Build configuration list for PBXNativeTarget "UIControlBasic" */ = {
			isa = XCConfigurationList;
			buildConfigurations = (
				2FEBFE8C296C365B00BCC8CE /* Debug */,
				2FEBFE8D296C365B00BCC8CE /* Release */,
			);
			defaultConfigurationIsVisible = 0;
			defaultConfigurationName = Release;
		};
/* End XCConfigurationList section */
	};
	rootObject = 2FEBFE6F296C365900BCC8CE /* Project object */;
}
