// !$*UTF8*$!
{
	archiveVersion = 1;
	classes = {
	};
	objectVersion = 56;
	objects = {

/* Begin PBXBuildFile section */
		1587226815EB5C00BC72D952 /* Pods_SequenceBasic.framework in Frameworks */ = {isa = PBXBuildFile; fileRef = 2DB128CB94CCBE62AAAA78F8 /* Pods_SequenceBasic.framework */; };
		2FC12A842963D06300325539 /* AppDelegate.swift in Sources */ = {isa = PBXBuildFile; fileRef = 2FC12A832963D06300325539 /* AppDelegate.swift */; };
		2FC12A862963D06300325539 /* SceneDelegate.swift in Sources */ = {isa = PBXBuildFile; fileRef = 2FC12A852963D06300325539 /* SceneDelegate.swift */; };
		2FC12A882963D06300325539 /* ViewController.swift in Sources */ = {isa = PBXBuildFile; fileRef = 2FC12A872963D06300325539 /* ViewController.swift */; };
		2FC12A8B2963D06300325539 /* Main.storyboard in Resources */ = {isa = PBXBuildFile; fileRef = 2FC12A892963D06300325539 /* Main.storyboard */; };
		2FC12A8D2963D06500325539 /* Assets.xcassets in Resources */ = {isa = PBXBuildFile; fileRef = 2FC12A8C2963D06500325539 /* Assets.xcassets */; };
		2FC12A902963D06500325539 /* LaunchScreen.storyboard in Resources */ = {isa = PBXBuildFile; fileRef = 2FC12A8E2963D06500325539 /* LaunchScreen.storyboard */; };
		2FC12A9A2963D10800325539 /* rabbit.gif in Resources */ = {isa = PBXBuildFile; fileRef = 2FC12A992963D10800325539 /* rabbit.gif */; };
		2FC12A9C2963D13300325539 /* IntroViewController.swift in Sources */ = {isa = PBXBuildFile; fileRef = 2FC12A9B2963D13300325539 /* IntroViewController.swift */; };
/* End PBXBuildFile section */

/* Begin PBXFileReference section */
		18802F864C619E0C81AD0C7A /* Pods-SequenceBasic.debug.xcconfig */ = {isa = PBXFileReference; includeInIndex = 1; lastKnownFileType = text.xcconfig; name = "Pods-SequenceBasic.debug.xcconfig"; path = "Target Support Files/Pods-SequenceBasic/Pods-SequenceBasic.debug.xcconfig"; sourceTree = "<group>"; };
		2DB128CB94CCBE62AAAA78F8 /* Pods_SequenceBasic.framework */ = {isa = PBXFileReference; explicitFileType = wrapper.framework; includeInIndex = 0; path = Pods_SequenceBasic.framework; sourceTree = BUILT_PRODUCTS_DIR; };
		2FC12A802963D06300325539 /* SequenceBasic.app */ = {isa = PBXFileReference; explicitFileType = wrapper.application; includeInIndex = 0; path = SequenceBasic.app; sourceTree = BUILT_PRODUCTS_DIR; };
		2FC12A832963D06300325539 /* AppDelegate.swift */ = {isa = PBXFileReference; lastKnownFileType = sourcecode.swift; path = AppDelegate.swift; sourceTree = "<group>"; };
		2FC12A852963D06300325539 /* SceneDelegate.swift */ = {isa = PBXFileReference; lastKnownFileType = sourcecode.swift; path = SceneDelegate.swift; sourceTree = "<group>"; };
		2FC12A872963D06300325539 /* ViewController.swift */ = {isa = PBXFileReference; lastKnownFileType = sourcecode.swift; path = ViewController.swift; sourceTree = "<group>"; };
		2FC12A8A2963D06300325539 /* Base */ = {isa = PBXFileReference; lastKnownFileType = file.storyboard; name = Base; path = Base.lproj/Main.storyboard; sourceTree = "<group>"; };
		2FC12A8C2963D06500325539 /* Assets.xcassets */ = {isa = PBXFileReference; lastKnownFileType = folder.assetcatalog; path = Assets.xcassets; sourceTree = "<group>"; };
		2FC12A8F2963D06500325539 /* Base */ = {isa = PBXFileReference; lastKnownFileType = file.storyboard; name = Base; path = Base.lproj/LaunchScreen.storyboard; sourceTree = "<group>"; };
		2FC12A912963D06500325539 /* Info.plist */ = {isa = PBXFileReference; lastKnownFileType = text.plist.xml; path = Info.plist; sourceTree = "<group>"; };
		2FC12A992963D10800325539 /* rabbit.gif */ = {isa = PBXFileReference; lastKnownFileType = image.gif; path = rabbit.gif; sourceTree = "<group>"; };
		2FC12A9B2963D13300325539 /* IntroViewController.swift */ = {isa = PBXFileReference; lastKnownFileType = sourcecode.swift; path = IntroViewController.swift; sourceTree = "<group>"; };
		ED5902D8A2736412102E7640 /* Pods-SequenceBasic.release.xcconfig */ = {isa = PBXFileReference; includeInIndex = 1; lastKnownFileType = text.xcconfig; name = "Pods-SequenceBasic.release.xcconfig"; path = "Target Support Files/Pods-SequenceBasic/Pods-SequenceBasic.release.xcconfig"; sourceTree = "<group>"; };
/* End PBXFileReference section */

/* Begin PBXFrameworksBuildPhase section */
		2FC12A7D2963D06300325539 /* Frameworks */ = {
			isa = PBXFrameworksBuildPhase;
			buildActionMask = 2147483647;
			files = (
				1587226815EB5C00BC72D952 /* Pods_SequenceBasic.framework in Frameworks */,
			);
			runOnlyForDeploymentPostprocessing = 0;
		};
/* End PBXFrameworksBuildPhase section */

/* Begin PBXGroup section */
		2FC12A772963D06300325539 = {
			isa = PBXGroup;
			children = (
				2FC12A822963D06300325539 /* SequenceBasic */,
				2FC12A812963D06300325539 /* Products */,
				EB6667308E72D993903CD7CA /* Pods */,
				7DCC28A6F42934FB70D0B948 /* Frameworks */,
			);
			sourceTree = "<group>";
		};
		2FC12A812963D06300325539 /* Products */ = {
			isa = PBXGroup;
			children = (
				2FC12A802963D06300325539 /* SequenceBasic.app */,
			);
			name = Products;
			sourceTree = "<group>";
		};
		2FC12A822963D06300325539 /* SequenceBasic */ = {
			isa = PBXGroup;
			children = (
				2FC12A982963D0F700325539 /* ViewController */,
				2FC12A972963D0F100325539 /* Images */,
				2FC12A832963D06300325539 /* AppDelegate.swift */,
				2FC12A852963D06300325539 /* SceneDelegate.swift */,
				2FC12A892963D06300325539 /* Main.storyboard */,
				2FC12A8C2963D06500325539 /* Assets.xcassets */,
				2FC12A8E2963D06500325539 /* LaunchScreen.storyboard */,
				2FC12A912963D06500325539 /* Info.plist */,
			);
			path = SequenceBasic;
			sourceTree = "<group>";
		};
		2FC12A972963D0F100325539 /* Images */ = {
			isa = PBXGroup;
			children = (
				2FC12A992963D10800325539 /* rabbit.gif */,
			);
			path = Images;
			sourceTree = "<group>";
		};
		2FC12A982963D0F700325539 /* ViewController */ = {
			isa = PBXGroup;
			children = (
				2FC12A872963D06300325539 /* ViewController.swift */,
				2FC12A9B2963D13300325539 /* IntroViewController.swift */,
			);
			path = ViewController;
			sourceTree = "<group>";
		};
		7DCC28A6F42934FB70D0B948 /* Frameworks */ = {
			isa = PBXGroup;
			children = (
				2DB128CB94CCBE62AAAA78F8 /* Pods_SequenceBasic.framework */,
			);
			name = Frameworks;
			sourceTree = "<group>";
		};
		EB6667308E72D993903CD7CA /* Pods */ = {
			isa = PBXGroup;
			children = (
				18802F864C619E0C81AD0C7A /* Pods-SequenceBasic.debug.xcconfig */,
				ED5902D8A2736412102E7640 /* Pods-SequenceBasic.release.xcconfig */,
			);
			path = Pods;
			sourceTree = "<group>";
		};
/* End PBXGroup section */

/* Begin PBXNativeTarget section */
		2FC12A7F2963D06300325539 /* SequenceBasic */ = {
			isa = PBXNativeTarget;
			buildConfigurationList = 2FC12A942963D06500325539 /* Build configuration list for PBXNativeTarget "SequenceBasic" */;
			buildPhases = (
				A11AAE096F51B934D4B9199E /* [CP] Check Pods Manifest.lock */,
				2FC12A7C2963D06300325539 /* Sources */,
				2FC12A7D2963D06300325539 /* Frameworks */,
				2FC12A7E2963D06300325539 /* Resources */,
				3396D7791721B91F855952F3 /* [CP] Embed Pods Frameworks */,
			);
			buildRules = (
			);
			dependencies = (
			);
			name = SequenceBasic;
			productName = SequenceBasic;
			productReference = 2FC12A802963D06300325539 /* SequenceBasic.app */;
			productType = "com.apple.product-type.application";
		};
/* End PBXNativeTarget section */

/* Begin PBXProject section */
		2FC12A782963D06300325539 /* Project object */ = {
			isa = PBXProject;
			attributes = {
				BuildIndependentTargetsInParallel = 1;
				LastSwiftUpdateCheck = 1400;
				LastUpgradeCheck = 1400;
				TargetAttributes = {
					2FC12A7F2963D06300325539 = {
						CreatedOnToolsVersion = 14.0;
					};
				};
			};
			buildConfigurationList = 2FC12A7B2963D06300325539 /* Build configuration list for PBXProject "SequenceBasic" */;
			compatibilityVersion = "Xcode 14.0";
			developmentRegion = en;
			hasScannedForEncodings = 0;
			knownRegions = (
				en,
				Base,
			);
			mainGroup = 2FC12A772963D06300325539;
			productRefGroup = 2FC12A812963D06300325539 /* Products */;
			projectDirPath = "";
			projectRoot = "";
			targets = (
				2FC12A7F2963D06300325539 /* SequenceBasic */,
			);
		};
/* End PBXProject section */

/* Begin PBXResourcesBuildPhase section */
		2FC12A7E2963D06300325539 /* Resources */ = {
			isa = PBXResourcesBuildPhase;
			buildActionMask = 2147483647;
			files = (
				2FC12A902963D06500325539 /* LaunchScreen.storyboard in Resources */,
				2FC12A8D2963D06500325539 /* Assets.xcassets in Resources */,
				2FC12A9A2963D10800325539 /* rabbit.gif in Resources */,
				2FC12A8B2963D06300325539 /* Main.storyboard in Resources */,
			);
			runOnlyForDeploymentPostprocessing = 0;
		};
/* End PBXResourcesBuildPhase section */

/* Begin PBXShellScriptBuildPhase section */
		3396D7791721B91F855952F3 /* [CP] Embed Pods Frameworks */ = {
			isa = PBXShellScriptBuildPhase;
			buildActionMask = 2147483647;
			files = (
			);
			inputFileListPaths = (
				"${PODS_ROOT}/Target Support Files/Pods-SequenceBasic/Pods-SequenceBasic-frameworks-${CONFIGURATION}-input-files.xcfilelist",
			);
			name = "[CP] Embed Pods Frameworks";
			outputFileListPaths = (
				"${PODS_ROOT}/Target Support Files/Pods-SequenceBasic/Pods-SequenceBasic-frameworks-${CONFIGURATION}-output-files.xcfilelist",
			);
			runOnlyForDeploymentPostprocessing = 0;
			shellPath = /bin/sh;
			shellScript = "\"${PODS_ROOT}/Target Support Files/Pods-SequenceBasic/Pods-SequenceBasic-frameworks.sh\"\n";
			showEnvVarsInLog = 0;
		};
		A11AAE096F51B934D4B9199E /* [CP] Check Pods Manifest.lock */ = {
			isa = PBXShellScriptBuildPhase;
			buildActionMask = 2147483647;
			files = (
			);
			inputFileListPaths = (
			);
			inputPaths = (
				"${PODS_PODFILE_DIR_PATH}/Podfile.lock",
				"${PODS_ROOT}/Manifest.lock",
			);
			name = "[CP] Check Pods Manifest.lock";
			outputFileListPaths = (
			);
			outputPaths = (
				"$(DERIVED_FILE_DIR)/Pods-SequenceBasic-checkManifestLockResult.txt",
			);
			runOnlyForDeploymentPostprocessing = 0;
			shellPath = /bin/sh;
			shellScript = "diff \"${PODS_PODFILE_DIR_PATH}/Podfile.lock\" \"${PODS_ROOT}/Manifest.lock\" > /dev/null\nif [ $? != 0 ] ; then\n    # print error to STDERR\n    echo \"error: The sandbox is not in sync with the Podfile.lock. Run 'pod install' or update your CocoaPods installation.\" >&2\n    exit 1\nfi\n# This output is used by Xcode 'outputs' to avoid re-running this script phase.\necho \"SUCCESS\" > \"${SCRIPT_OUTPUT_FILE_0}\"\n";
			showEnvVarsInLog = 0;
		};
/* End PBXShellScriptBuildPhase section */

/* Begin PBXSourcesBuildPhase section */
		2FC12A7C2963D06300325539 /* Sources */ = {
			isa = PBXSourcesBuildPhase;
			buildActionMask = 2147483647;
			files = (
				2FC12A882963D06300325539 /* ViewController.swift in Sources */,
				2FC12A842963D06300325539 /* AppDelegate.swift in Sources */,
				2FC12A862963D06300325539 /* SceneDelegate.swift in Sources */,
				2FC12A9C2963D13300325539 /* IntroViewController.swift in Sources */,
			);
			runOnlyForDeploymentPostprocessing = 0;
		};
/* End PBXSourcesBuildPhase section */

/* Begin PBXVariantGroup section */
		2FC12A892963D06300325539 /* Main.storyboard */ = {
			isa = PBXVariantGroup;
			children = (
				2FC12A8A2963D06300325539 /* Base */,
			);
			name = Main.storyboard;
			sourceTree = "<group>";
		};
		2FC12A8E2963D06500325539 /* LaunchScreen.storyboard */ = {
			isa = PBXVariantGroup;
			children = (
				2FC12A8F2963D06500325539 /* Base */,
			);
			name = LaunchScreen.storyboard;
			sourceTree = "<group>";
		};
/* End PBXVariantGroup section */

/* Begin XCBuildConfiguration section */
		2FC12A922963D06500325539 /* Debug */ = {
			isa = XCBuildConfiguration;
			buildSettings = {
				ALWAYS_SEARCH_USER_PATHS = NO;
				CLANG_ANALYZER_NONNULL = YES;
				CLANG_ANALYZER_NUMBER_OBJECT_CONVERSION = YES_AGGRESSIVE;
				CLANG_CXX_LANGUAGE_STANDARD = "gnu++20";
				CLANG_ENABLE_MODULES = YES;
				CLANG_ENABLE_OBJC_ARC = YES;
				CLANG_ENABLE_OBJC_WEAK = YES;
				CLANG_WARN_BLOCK_CAPTURE_AUTORELEASING = YES;
				CLANG_WARN_BOOL_CONVERSION = YES;
				CLANG_WARN_COMMA = YES;
				CLANG_WARN_CONSTANT_CONVERSION = YES;
				CLANG_WARN_DEPRECATED_OBJC_IMPLEMENTATIONS = YES;
				CLANG_WARN_DIRECT_OBJC_ISA_USAGE = YES_ERROR;
				CLANG_WARN_DOCUMENTATION_COMMENTS = YES;
				CLANG_WARN_EMPTY_BODY = YES;
				CLANG_WARN_ENUM_CONVERSION = YES;
				CLANG_WARN_INFINITE_RECURSION = YES;
				CLANG_WARN_INT_CONVERSION = YES;
				CLANG_WARN_NON_LITERAL_NULL_CONVERSION = YES;
				CLANG_WARN_OBJC_IMPLICIT_RETAIN_SELF = YES;
				CLANG_WARN_OBJC_LITERAL_CONVERSION = YES;
				CLANG_WARN_OBJC_ROOT_CLASS = YES_ERROR;
				CLANG_WARN_QUOTED_INCLUDE_IN_FRAMEWORK_HEADER = YES;
				CLANG_WARN_RANGE_LOOP_ANALYSIS = YES;
				CLANG_WARN_STRICT_PROTOTYPES = YES;
				CLANG_WARN_SUSPICIOUS_MOVE = YES;
				CLANG_WARN_UNGUARDED_AVAILABILITY = YES_AGGRESSIVE;
				CLANG_WARN_UNREACHABLE_CODE = YES;
				CLANG_WARN__DUPLICATE_METHOD_MATCH = YES;
				COPY_PHASE_STRIP = NO;
				DEBUG_INFORMATION_FORMAT = dwarf;
				ENABLE_STRICT_OBJC_MSGSEND = YES;
				ENABLE_TESTABILITY = YES;
				GCC_C_LANGUAGE_STANDARD = gnu11;
				GCC_DYNAMIC_NO_PIC = NO;
				GCC_NO_COMMON_BLOCKS = YES;
				GCC_OPTIMIZATION_LEVEL = 0;
				GCC_PREPROCESSOR_DEFINITIONS = (
					"DEBUG=1",
					"$(inherited)",
				);
				GCC_WARN_64_TO_32_BIT_CONVERSION = YES;
				GCC_WARN_ABOUT_RETURN_TYPE = YES_ERROR;
				GCC_WARN_UNDECLARED_SELECTOR = YES;
				GCC_WARN_UNINITIALIZED_AUTOS = YES_AGGRESSIVE;
				GCC_WARN_UNUSED_FUNCTION = YES;
				GCC_WARN_UNUSED_VARIABLE = YES;
				IPHONEOS_DEPLOYMENT_TARGET = 16.0;
				MTL_ENABLE_DEBUG_INFO = INCLUDE_SOURCE;
				MTL_FAST_MATH = YES;
				ONLY_ACTIVE_ARCH = YES;
				SDKROOT = iphoneos;
				SWIFT_ACTIVE_COMPILATION_CONDITIONS = DEBUG;
				SWIFT_OPTIMIZATION_LEVEL = "-Onone";
			};
			name = Debug;
		};
		2FC12A932963D06500325539 /* Release */ = {
			isa = XCBuildConfiguration;
			buildSettings = {
				ALWAYS_SEARCH_USER_PATHS = NO;
				CLANG_ANALYZER_NONNULL = YES;
				CLANG_ANALYZER_NUMBER_OBJECT_CONVERSION = YES_AGGRESSIVE;
				CLANG_CXX_LANGUAGE_STANDARD = "gnu++20";
				CLANG_ENABLE_MODULES = YES;
				CLANG_ENABLE_OBJC_ARC = YES;
				CLANG_ENABLE_OBJC_WEAK = YES;
				CLANG_WARN_BLOCK_CAPTURE_AUTORELEASING = YES;
				CLANG_WARN_BOOL_CONVERSION = YES;
				CLANG_WARN_COMMA = YES;
				CLANG_WARN_CONSTANT_CONVERSION = YES;
				CLANG_WARN_DEPRECATED_OBJC_IMPLEMENTATIONS = YES;
				CLANG_WARN_DIRECT_OBJC_ISA_USAGE = YES_ERROR;
				CLANG_WARN_DOCUMENTATION_COMMENTS = YES;
				CLANG_WARN_EMPTY_BODY = YES;
				CLANG_WARN_ENUM_CONVERSION = YES;
				CLANG_WARN_INFINITE_RECURSION = YES;
				CLANG_WARN_INT_CONVERSION = YES;
				CLANG_WARN_NON_LITERAL_NULL_CONVERSION = YES;
				CLANG_WARN_OBJC_IMPLICIT_RETAIN_SELF = YES;
				CLANG_WARN_OBJC_LITERAL_CONVERSION = YES;
				CLANG_WARN_OBJC_ROOT_CLASS = YES_ERROR;
				CLANG_WARN_QUOTED_INCLUDE_IN_FRAMEWORK_HEADER = YES;
				CLANG_WARN_RANGE_LOOP_ANALYSIS = YES;
				CLANG_WARN_STRICT_PROTOTYPES = YES;
				CLANG_WARN_SUSPICIOUS_MOVE = YES;
				CLANG_WARN_UNGUARDED_AVAILABILITY = YES_AGGRESSIVE;
				CLANG_WARN_UNREACHABLE_CODE = YES;
				CLANG_WARN__DUPLICATE_METHOD_MATCH = YES;
				COPY_PHASE_STRIP = NO;
				DEBUG_INFORMATION_FORMAT = "dwarf-with-dsym";
				ENABLE_NS_ASSERTIONS = NO;
				ENABLE_STRICT_OBJC_MSGSEND = YES;
				GCC_C_LANGUAGE_STANDARD = gnu11;
				GCC_NO_COMMON_BLOCKS = YES;
				GCC_WARN_64_TO_32_BIT_CONVERSION = YES;
				GCC_WARN_ABOUT_RETURN_TYPE = YES_ERROR;
				GCC_WARN_UNDECLARED_SELECTOR = YES;
				GCC_WARN_UNINITIALIZED_AUTOS = YES_AGGRESSIVE;
				GCC_WARN_UNUSED_FUNCTION = YES;
				GCC_WARN_UNUSED_VARIABLE = YES;
				IPHONEOS_DEPLOYMENT_TARGET = 16.0;
				MTL_ENABLE_DEBUG_INFO = NO;
				MTL_FAST_MATH = YES;
				SDKROOT = iphoneos;
				SWIFT_COMPILATION_MODE = wholemodule;
				SWIFT_OPTIMIZATION_LEVEL = "-O";
				VALIDATE_PRODUCT = YES;
			};
			name = Release;
		};
		2FC12A952963D06500325539 /* Debug */ = {
			isa = XCBuildConfiguration;
			baseConfigurationReference = 18802F864C619E0C81AD0C7A /* Pods-SequenceBasic.debug.xcconfig */;
			buildSettings = {
				ASSETCATALOG_COMPILER_APPICON_NAME = AppIcon;
				ASSETCATALOG_COMPILER_GLOBAL_ACCENT_COLOR_NAME = AccentColor;
				CODE_SIGN_STYLE = Automatic;
				CURRENT_PROJECT_VERSION = 1;
				GENERATE_INFOPLIST_FILE = YES;
				INFOPLIST_FILE = SequenceBasic/Info.plist;
				INFOPLIST_KEY_UIApplicationSupportsIndirectInputEvents = YES;
				INFOPLIST_KEY_UILaunchStoryboardName = LaunchScreen;
				INFOPLIST_KEY_UIMainStoryboardFile = Main;
				INFOPLIST_KEY_UISupportedInterfaceOrientations_iPad = "UIInterfaceOrientationPortrait UIInterfaceOrientationPortraitUpsideDown UIInterfaceOrientationLandscapeLeft UIInterfaceOrientationLandscapeRight";
				INFOPLIST_KEY_UISupportedInterfaceOrientations_iPhone = "UIInterfaceOrientationPortrait UIInterfaceOrientationLandscapeLeft UIInterfaceOrientationLandscapeRight";
				LD_RUNPATH_SEARCH_PATHS = (
					"$(inherited)",
					"@executable_path/Frameworks",
				);
				MARKETING_VERSION = 1.0;
				PRODUCT_BUNDLE_IDENTIFIER = com.yeonsu.SequenceBasic;
				PRODUCT_NAME = "$(TARGET_NAME)";
				SWIFT_EMIT_LOC_STRINGS = YES;
				SWIFT_VERSION = 5.0;
				TARGETED_DEVICE_FAMILY = "1,2";
			};
			name = Debug;
		};
		2FC12A962963D06500325539 /* Release */ = {
			isa = XCBuildConfiguration;
			baseConfigurationReference = ED5902D8A2736412102E7640 /* Pods-SequenceBasic.release.xcconfig */;
			buildSettings = {
				ASSETCATALOG_COMPILER_APPICON_NAME = AppIcon;
				ASSETCATALOG_COMPILER_GLOBAL_ACCENT_COLOR_NAME = AccentColor;
				CODE_SIGN_STYLE = Automatic;
				CURRENT_PROJECT_VERSION = 1;
				GENERATE_INFOPLIST_FILE = YES;
				INFOPLIST_FILE = SequenceBasic/Info.plist;
				INFOPLIST_KEY_UIApplicationSupportsIndirectInputEvents = YES;
				INFOPLIST_KEY_UILaunchStoryboardName = LaunchScreen;
				INFOPLIST_KEY_UIMainStoryboardFile = Main;
				INFOPLIST_KEY_UISupportedInterfaceOrientations_iPad = "UIInterfaceOrientationPortrait UIInterfaceOrientationPortraitUpsideDown UIInterfaceOrientationLandscapeLeft UIInterfaceOrientationLandscapeRight";
				INFOPLIST_KEY_UISupportedInterfaceOrientations_iPhone = "UIInterfaceOrientationPortrait UIInterfaceOrientationLandscapeLeft UIInterfaceOrientationLandscapeRight";
				LD_RUNPATH_SEARCH_PATHS = (
					"$(inherited)",
					"@executable_path/Frameworks",
				);
				MARKETING_VERSION = 1.0;
				PRODUCT_BUNDLE_IDENTIFIER = com.yeonsu.SequenceBasic;
				PRODUCT_NAME = "$(TARGET_NAME)";
				SWIFT_EMIT_LOC_STRINGS = YES;
				SWIFT_VERSION = 5.0;
				TARGETED_DEVICE_FAMILY = "1,2";
			};
			name = Release;
		};
/* End XCBuildConfiguration section */

/* Begin XCConfigurationList section */
		2FC12A7B2963D06300325539 /* Build configuration list for PBXProject "SequenceBasic" */ = {
			isa = XCConfigurationList;
			buildConfigurations = (
				2FC12A922963D06500325539 /* Debug */,
				2FC12A932963D06500325539 /* Release */,
			);
			defaultConfigurationIsVisible = 0;
			defaultConfigurationName = Release;
		};
		2FC12A942963D06500325539 /* Build configuration list for PBXNativeTarget "SequenceBasic" */ = {
			isa = XCConfigurationList;
			buildConfigurations = (
				2FC12A952963D06500325539 /* Debug */,
				2FC12A962963D06500325539 /* Release */,
			);
			defaultConfigurationIsVisible = 0;
			defaultConfigurationName = Release;
		};
/* End XCConfigurationList section */
	};
	rootObject = 2FC12A782963D06300325539 /* Project object */;
}
