// !$*UTF8*$!
{
	archiveVersion = 1;
	classes = {
	};
	objectVersion = 56;
	objects = {

/* Begin PBXBuildFile section */
		2F2F301929705925002B1DE5 /* AppDelegate.swift in Sources */ = {isa = PBXBuildFile; fileRef = 2F2F301829705925002B1DE5 /* AppDelegate.swift */; };
		2F2F301B29705925002B1DE5 /* SceneDelegate.swift in Sources */ = {isa = PBXBuildFile; fileRef = 2F2F301A29705925002B1DE5 /* SceneDelegate.swift */; };
		2F2F301D29705925002B1DE5 /* ViewController.swift in Sources */ = {isa = PBXBuildFile; fileRef = 2F2F301C29705925002B1DE5 /* ViewController.swift */; };
		2F2F302029705925002B1DE5 /* Main.storyboard in Resources */ = {isa = PBXBuildFile; fileRef = 2F2F301E29705925002B1DE5 /* Main.storyboard */; };
		2F2F302229705926002B1DE5 /* Assets.xcassets in Resources */ = {isa = PBXBuildFile; fileRef = 2F2F302129705926002B1DE5 /* Assets.xcassets */; };
		2F2F302529705926002B1DE5 /* LaunchScreen.storyboard in Resources */ = {isa = PBXBuildFile; fileRef = 2F2F302329705926002B1DE5 /* LaunchScreen.storyboard */; };
		2F2F302D29705A75002B1DE5 /* GoogleService-Info.plist in Resources */ = {isa = PBXBuildFile; fileRef = 2F2F302C29705A75002B1DE5 /* GoogleService-Info.plist */; };
		592D5D5F6B9FF65D9D04BD40 /* Pods_UserEmailLogin.framework in Frameworks */ = {isa = PBXBuildFile; fileRef = 93D4EA43755C4C6148AEE23B /* Pods_UserEmailLogin.framework */; };
/* End PBXBuildFile section */

/* Begin PBXFileReference section */
		2F2F301529705925002B1DE5 /* UserEmailLogin.app */ = {isa = PBXFileReference; explicitFileType = wrapper.application; includeInIndex = 0; path = UserEmailLogin.app; sourceTree = BUILT_PRODUCTS_DIR; };
		2F2F301829705925002B1DE5 /* AppDelegate.swift */ = {isa = PBXFileReference; lastKnownFileType = sourcecode.swift; path = AppDelegate.swift; sourceTree = "<group>"; };
		2F2F301A29705925002B1DE5 /* SceneDelegate.swift */ = {isa = PBXFileReference; lastKnownFileType = sourcecode.swift; path = SceneDelegate.swift; sourceTree = "<group>"; };
		2F2F301C29705925002B1DE5 /* ViewController.swift */ = {isa = PBXFileReference; lastKnownFileType = sourcecode.swift; path = ViewController.swift; sourceTree = "<group>"; };
		2F2F301F29705925002B1DE5 /* Base */ = {isa = PBXFileReference; lastKnownFileType = file.storyboard; name = Base; path = Base.lproj/Main.storyboard; sourceTree = "<group>"; };
		2F2F302129705926002B1DE5 /* Assets.xcassets */ = {isa = PBXFileReference; lastKnownFileType = folder.assetcatalog; path = Assets.xcassets; sourceTree = "<group>"; };
		2F2F302429705926002B1DE5 /* Base */ = {isa = PBXFileReference; lastKnownFileType = file.storyboard; name = Base; path = Base.lproj/LaunchScreen.storyboard; sourceTree = "<group>"; };
		2F2F302629705926002B1DE5 /* Info.plist */ = {isa = PBXFileReference; lastKnownFileType = text.plist.xml; path = Info.plist; sourceTree = "<group>"; };
		2F2F302C29705A75002B1DE5 /* GoogleService-Info.plist */ = {isa = PBXFileReference; fileEncoding = 4; lastKnownFileType = text.plist.xml; path = "GoogleService-Info.plist"; sourceTree = "<group>"; };
		93D4EA43755C4C6148AEE23B /* Pods_UserEmailLogin.framework */ = {isa = PBXFileReference; explicitFileType = wrapper.framework; includeInIndex = 0; path = Pods_UserEmailLogin.framework; sourceTree = BUILT_PRODUCTS_DIR; };
		C8D8546927A5367587660622 /* Pods-UserEmailLogin.release.xcconfig */ = {isa = PBXFileReference; includeInIndex = 1; lastKnownFileType = text.xcconfig; name = "Pods-UserEmailLogin.release.xcconfig"; path = "Target Support Files/Pods-UserEmailLogin/Pods-UserEmailLogin.release.xcconfig"; sourceTree = "<group>"; };
		DCE7640C48CFDBEE11C32FF9 /* Pods-UserEmailLogin.debug.xcconfig */ = {isa = PBXFileReference; includeInIndex = 1; lastKnownFileType = text.xcconfig; name = "Pods-UserEmailLogin.debug.xcconfig"; path = "Target Support Files/Pods-UserEmailLogin/Pods-UserEmailLogin.debug.xcconfig"; sourceTree = "<group>"; };
/* End PBXFileReference section */

/* Begin PBXFrameworksBuildPhase section */
		2F2F301229705925002B1DE5 /* Frameworks */ = {
			isa = PBXFrameworksBuildPhase;
			buildActionMask = 2147483647;
			files = (
				592D5D5F6B9FF65D9D04BD40 /* Pods_UserEmailLogin.framework in Frameworks */,
			);
			runOnlyForDeploymentPostprocessing = 0;
		};
/* End PBXFrameworksBuildPhase section */

/* Begin PBXGroup section */
		2F2F300C29705925002B1DE5 = {
			isa = PBXGroup;
			children = (
				2F2F301729705925002B1DE5 /* UserEmailLogin */,
				2F2F301629705925002B1DE5 /* Products */,
				8D5FC2BC1226744562FA80A2 /* Pods */,
				68B73E34DAB00705F5CE8A99 /* Frameworks */,
			);
			sourceTree = "<group>";
		};
		2F2F301629705925002B1DE5 /* Products */ = {
			isa = PBXGroup;
			children = (
				2F2F301529705925002B1DE5 /* UserEmailLogin.app */,
			);
			name = Products;
			sourceTree = "<group>";
		};
		2F2F301729705925002B1DE5 /* UserEmailLogin */ = {
			isa = PBXGroup;
			children = (
				2F2F301829705925002B1DE5 /* AppDelegate.swift */,
				2F2F301A29705925002B1DE5 /* SceneDelegate.swift */,
				2F2F301C29705925002B1DE5 /* ViewController.swift */,
				2F2F301E29705925002B1DE5 /* Main.storyboard */,
				2F2F302129705926002B1DE5 /* Assets.xcassets */,
				2F2F302329705926002B1DE5 /* LaunchScreen.storyboard */,
				2F2F302629705926002B1DE5 /* Info.plist */,
				2F2F302C29705A75002B1DE5 /* GoogleService-Info.plist */,
			);
			path = UserEmailLogin;
			sourceTree = "<group>";
		};
		68B73E34DAB00705F5CE8A99 /* Frameworks */ = {
			isa = PBXGroup;
			children = (
				93D4EA43755C4C6148AEE23B /* Pods_UserEmailLogin.framework */,
			);
			name = Frameworks;
			sourceTree = "<group>";
		};
		8D5FC2BC1226744562FA80A2 /* Pods */ = {
			isa = PBXGroup;
			children = (
				DCE7640C48CFDBEE11C32FF9 /* Pods-UserEmailLogin.debug.xcconfig */,
				C8D8546927A5367587660622 /* Pods-UserEmailLogin.release.xcconfig */,
			);
			path = Pods;
			sourceTree = "<group>";
		};
/* End PBXGroup section */

/* Begin PBXNativeTarget section */
		2F2F301429705925002B1DE5 /* UserEmailLogin */ = {
			isa = PBXNativeTarget;
			buildConfigurationList = 2F2F302929705926002B1DE5 /* Build configuration list for PBXNativeTarget "UserEmailLogin" */;
			buildPhases = (
				DB64A36B39BCAB90BC61E77B /* [CP] Check Pods Manifest.lock */,
				2F2F301129705925002B1DE5 /* Sources */,
				2F2F301229705925002B1DE5 /* Frameworks */,
				2F2F301329705925002B1DE5 /* Resources */,
				79C6E0DD1CD9F1DD90DE86CA /* [CP] Embed Pods Frameworks */,
			);
			buildRules = (
			);
			dependencies = (
			);
			name = UserEmailLogin;
			productName = UserEmailLogin;
			productReference = 2F2F301529705925002B1DE5 /* UserEmailLogin.app */;
			productType = "com.apple.product-type.application";
		};
/* End PBXNativeTarget section */

/* Begin PBXProject section */
		2F2F300D29705925002B1DE5 /* Project object */ = {
			isa = PBXProject;
			attributes = {
				BuildIndependentTargetsInParallel = 1;
				LastSwiftUpdateCheck = 1400;
				LastUpgradeCheck = 1400;
				TargetAttributes = {
					2F2F301429705925002B1DE5 = {
						CreatedOnToolsVersion = 14.0;
					};
				};
			};
			buildConfigurationList = 2F2F301029705925002B1DE5 /* Build configuration list for PBXProject "UserEmailLogin" */;
			compatibilityVersion = "Xcode 14.0";
			developmentRegion = en;
			hasScannedForEncodings = 0;
			knownRegions = (
				en,
				Base,
			);
			mainGroup = 2F2F300C29705925002B1DE5;
			productRefGroup = 2F2F301629705925002B1DE5 /* Products */;
			projectDirPath = "";
			projectRoot = "";
			targets = (
				2F2F301429705925002B1DE5 /* UserEmailLogin */,
			);
		};
/* End PBXProject section */

/* Begin PBXResourcesBuildPhase section */
		2F2F301329705925002B1DE5 /* Resources */ = {
			isa = PBXResourcesBuildPhase;
			buildActionMask = 2147483647;
			files = (
				2F2F302529705926002B1DE5 /* LaunchScreen.storyboard in Resources */,
				2F2F302D29705A75002B1DE5 /* GoogleService-Info.plist in Resources */,
				2F2F302229705926002B1DE5 /* Assets.xcassets in Resources */,
				2F2F302029705925002B1DE5 /* Main.storyboard in Resources */,
			);
			runOnlyForDeploymentPostprocessing = 0;
		};
/* End PBXResourcesBuildPhase section */

/* Begin PBXShellScriptBuildPhase section */
		79C6E0DD1CD9F1DD90DE86CA /* [CP] Embed Pods Frameworks */ = {
			isa = PBXShellScriptBuildPhase;
			buildActionMask = 2147483647;
			files = (
			);
			inputFileListPaths = (
				"${PODS_ROOT}/Target Support Files/Pods-UserEmailLogin/Pods-UserEmailLogin-frameworks-${CONFIGURATION}-input-files.xcfilelist",
			);
			name = "[CP] Embed Pods Frameworks";
			outputFileListPaths = (
				"${PODS_ROOT}/Target Support Files/Pods-UserEmailLogin/Pods-UserEmailLogin-frameworks-${CONFIGURATION}-output-files.xcfilelist",
			);
			runOnlyForDeploymentPostprocessing = 0;
			shellPath = /bin/sh;
			shellScript = "\"${PODS_ROOT}/Target Support Files/Pods-UserEmailLogin/Pods-UserEmailLogin-frameworks.sh\"\n";
			showEnvVarsInLog = 0;
		};
		DB64A36B39BCAB90BC61E77B /* [CP] Check Pods Manifest.lock */ = {
			isa = PBXShellScriptBuildPhase;
			buildActionMask = 2147483647;
			files = (
			);
			inputFileListPaths = (
			);
			inputPaths = (
				"${PODS_PODFILE_DIR_PATH}/Podfile.lock",
				"${PODS_ROOT}/Manifest.lock",
			);
			name = "[CP] Check Pods Manifest.lock";
			outputFileListPaths = (
			);
			outputPaths = (
				"$(DERIVED_FILE_DIR)/Pods-UserEmailLogin-checkManifestLockResult.txt",
			);
			runOnlyForDeploymentPostprocessing = 0;
			shellPath = /bin/sh;
			shellScript = "diff \"${PODS_PODFILE_DIR_PATH}/Podfile.lock\" \"${PODS_ROOT}/Manifest.lock\" > /dev/null\nif [ $? != 0 ] ; then\n    # print error to STDERR\n    echo \"error: The sandbox is not in sync with the Podfile.lock. Run 'pod install' or update your CocoaPods installation.\" >&2\n    exit 1\nfi\n# This output is used by Xcode 'outputs' to avoid re-running this script phase.\necho \"SUCCESS\" > \"${SCRIPT_OUTPUT_FILE_0}\"\n";
			showEnvVarsInLog = 0;
		};
/* End PBXShellScriptBuildPhase section */

/* Begin PBXSourcesBuildPhase section */
		2F2F301129705925002B1DE5 /* Sources */ = {
			isa = PBXSourcesBuildPhase;
			buildActionMask = 2147483647;
			files = (
				2F2F301D29705925002B1DE5 /* ViewController.swift in Sources */,
				2F2F301929705925002B1DE5 /* AppDelegate.swift in Sources */,
				2F2F301B29705925002B1DE5 /* SceneDelegate.swift in Sources */,
			);
			runOnlyForDeploymentPostprocessing = 0;
		};
/* End PBXSourcesBuildPhase section */

/* Begin PBXVariantGroup section */
		2F2F301E29705925002B1DE5 /* Main.storyboard */ = {
			isa = PBXVariantGroup;
			children = (
				2F2F301F29705925002B1DE5 /* Base */,
			);
			name = Main.storyboard;
			sourceTree = "<group>";
		};
		2F2F302329705926002B1DE5 /* LaunchScreen.storyboard */ = {
			isa = PBXVariantGroup;
			children = (
				2F2F302429705926002B1DE5 /* Base */,
			);
			name = LaunchScreen.storyboard;
			sourceTree = "<group>";
		};
/* End PBXVariantGroup section */

/* Begin XCBuildConfiguration section */
		2F2F302729705926002B1DE5 /* Debug */ = {
			isa = XCBuildConfiguration;
			buildSettings = {
				ALWAYS_SEARCH_USER_PATHS = NO;
				CLANG_ANALYZER_NONNULL = YES;
				CLANG_ANALYZER_NUMBER_OBJECT_CONVERSION = YES_AGGRESSIVE;
				CLANG_CXX_LANGUAGE_STANDARD = "gnu++20";
				CLANG_ENABLE_MODULES = YES;
				CLANG_ENABLE_OBJC_ARC = YES;
				CLANG_ENABLE_OBJC_WEAK = YES;
				CLANG_WARN_BLOCK_CAPTURE_AUTORELEASING = YES;
				CLANG_WARN_BOOL_CONVERSION = YES;
				CLANG_WARN_COMMA = YES;
				CLANG_WARN_CONSTANT_CONVERSION = YES;
				CLANG_WARN_DEPRECATED_OBJC_IMPLEMENTATIONS = YES;
				CLANG_WARN_DIRECT_OBJC_ISA_USAGE = YES_ERROR;
				CLANG_WARN_DOCUMENTATION_COMMENTS = YES;
				CLANG_WARN_EMPTY_BODY = YES;
				CLANG_WARN_ENUM_CONVERSION = YES;
				CLANG_WARN_INFINITE_RECURSION = YES;
				CLANG_WARN_INT_CONVERSION = YES;
				CLANG_WARN_NON_LITERAL_NULL_CONVERSION = YES;
				CLANG_WARN_OBJC_IMPLICIT_RETAIN_SELF = YES;
				CLANG_WARN_OBJC_LITERAL_CONVERSION = YES;
				CLANG_WARN_OBJC_ROOT_CLASS = YES_ERROR;
				CLANG_WARN_QUOTED_INCLUDE_IN_FRAMEWORK_HEADER = YES;
				CLANG_WARN_RANGE_LOOP_ANALYSIS = YES;
				CLANG_WARN_STRICT_PROTOTYPES = YES;
				CLANG_WARN_SUSPICIOUS_MOVE = YES;
				CLANG_WARN_UNGUARDED_AVAILABILITY = YES_AGGRESSIVE;
				CLANG_WARN_UNREACHABLE_CODE = YES;
				CLANG_WARN__DUPLICATE_METHOD_MATCH = YES;
				COPY_PHASE_STRIP = NO;
				DEBUG_INFORMATION_FORMAT = dwarf;
				ENABLE_STRICT_OBJC_MSGSEND = YES;
				ENABLE_TESTABILITY = YES;
				GCC_C_LANGUAGE_STANDARD = gnu11;
				GCC_DYNAMIC_NO_PIC = NO;
				GCC_NO_COMMON_BLOCKS = YES;
				GCC_OPTIMIZATION_LEVEL = 0;
				GCC_PREPROCESSOR_DEFINITIONS = (
					"DEBUG=1",
					"$(inherited)",
				);
				GCC_WARN_64_TO_32_BIT_CONVERSION = YES;
				GCC_WARN_ABOUT_RETURN_TYPE = YES_ERROR;
				GCC_WARN_UNDECLARED_SELECTOR = YES;
				GCC_WARN_UNINITIALIZED_AUTOS = YES_AGGRESSIVE;
				GCC_WARN_UNUSED_FUNCTION = YES;
				GCC_WARN_UNUSED_VARIABLE = YES;
				IPHONEOS_DEPLOYMENT_TARGET = 16.0;
				MTL_ENABLE_DEBUG_INFO = INCLUDE_SOURCE;
				MTL_FAST_MATH = YES;
				ONLY_ACTIVE_ARCH = YES;
				SDKROOT = iphoneos;
				SWIFT_ACTIVE_COMPILATION_CONDITIONS = DEBUG;
				SWIFT_OPTIMIZATION_LEVEL = "-Onone";
			};
			name = Debug;
		};
		2F2F302829705926002B1DE5 /* Release */ = {
			isa = XCBuildConfiguration;
			buildSettings = {
				ALWAYS_SEARCH_USER_PATHS = NO;
				CLANG_ANALYZER_NONNULL = YES;
				CLANG_ANALYZER_NUMBER_OBJECT_CONVERSION = YES_AGGRESSIVE;
				CLANG_CXX_LANGUAGE_STANDARD = "gnu++20";
				CLANG_ENABLE_MODULES = YES;
				CLANG_ENABLE_OBJC_ARC = YES;
				CLANG_ENABLE_OBJC_WEAK = YES;
				CLANG_WARN_BLOCK_CAPTURE_AUTORELEASING = YES;
				CLANG_WARN_BOOL_CONVERSION = YES;
				CLANG_WARN_COMMA = YES;
				CLANG_WARN_CONSTANT_CONVERSION = YES;
				CLANG_WARN_DEPRECATED_OBJC_IMPLEMENTATIONS = YES;
				CLANG_WARN_DIRECT_OBJC_ISA_USAGE = YES_ERROR;
				CLANG_WARN_DOCUMENTATION_COMMENTS = YES;
				CLANG_WARN_EMPTY_BODY = YES;
				CLANG_WARN_ENUM_CONVERSION = YES;
				CLANG_WARN_INFINITE_RECURSION = YES;
				CLANG_WARN_INT_CONVERSION = YES;
				CLANG_WARN_NON_LITERAL_NULL_CONVERSION = YES;
				CLANG_WARN_OBJC_IMPLICIT_RETAIN_SELF = YES;
				CLANG_WARN_OBJC_LITERAL_CONVERSION = YES;
				CLANG_WARN_OBJC_ROOT_CLASS = YES_ERROR;
				CLANG_WARN_QUOTED_INCLUDE_IN_FRAMEWORK_HEADER = YES;
				CLANG_WARN_RANGE_LOOP_ANALYSIS = YES;
				CLANG_WARN_STRICT_PROTOTYPES = YES;
				CLANG_WARN_SUSPICIOUS_MOVE = YES;
				CLANG_WARN_UNGUARDED_AVAILABILITY = YES_AGGRESSIVE;
				CLANG_WARN_UNREACHABLE_CODE = YES;
				CLANG_WARN__DUPLICATE_METHOD_MATCH = YES;
				COPY_PHASE_STRIP = NO;
				DEBUG_INFORMATION_FORMAT = "dwarf-with-dsym";
				ENABLE_NS_ASSERTIONS = NO;
				ENABLE_STRICT_OBJC_MSGSEND = YES;
				GCC_C_LANGUAGE_STANDARD = gnu11;
				GCC_NO_COMMON_BLOCKS = YES;
				GCC_WARN_64_TO_32_BIT_CONVERSION = YES;
				GCC_WARN_ABOUT_RETURN_TYPE = YES_ERROR;
				GCC_WARN_UNDECLARED_SELECTOR = YES;
				GCC_WARN_UNINITIALIZED_AUTOS = YES_AGGRESSIVE;
				GCC_WARN_UNUSED_FUNCTION = YES;
				GCC_WARN_UNUSED_VARIABLE = YES;
				IPHONEOS_DEPLOYMENT_TARGET = 16.0;
				MTL_ENABLE_DEBUG_INFO = NO;
				MTL_FAST_MATH = YES;
				SDKROOT = iphoneos;
				SWIFT_COMPILATION_MODE = wholemodule;
				SWIFT_OPTIMIZATION_LEVEL = "-O";
				VALIDATE_PRODUCT = YES;
			};
			name = Release;
		};
		2F2F302A29705926002B1DE5 /* Debug */ = {
			isa = XCBuildConfiguration;
			baseConfigurationReference = DCE7640C48CFDBEE11C32FF9 /* Pods-UserEmailLogin.debug.xcconfig */;
			buildSettings = {
				ASSETCATALOG_COMPILER_APPICON_NAME = AppIcon;
				ASSETCATALOG_COMPILER_GLOBAL_ACCENT_COLOR_NAME = AccentColor;
				CODE_SIGN_STYLE = Automatic;
				CURRENT_PROJECT_VERSION = 1;
				GENERATE_INFOPLIST_FILE = YES;
				INFOPLIST_FILE = UserEmailLogin/Info.plist;
				INFOPLIST_KEY_UIApplicationSupportsIndirectInputEvents = YES;
				INFOPLIST_KEY_UILaunchStoryboardName = LaunchScreen;
				INFOPLIST_KEY_UIMainStoryboardFile = Main;
				INFOPLIST_KEY_UISupportedInterfaceOrientations_iPad = "UIInterfaceOrientationPortrait UIInterfaceOrientationPortraitUpsideDown UIInterfaceOrientationLandscapeLeft UIInterfaceOrientationLandscapeRight";
				INFOPLIST_KEY_UISupportedInterfaceOrientations_iPhone = "UIInterfaceOrientationPortrait UIInterfaceOrientationLandscapeLeft UIInterfaceOrientationLandscapeRight";
				LD_RUNPATH_SEARCH_PATHS = (
					"$(inherited)",
					"@executable_path/Frameworks",
				);
				MARKETING_VERSION = 1.0;
				PRODUCT_BUNDLE_IDENTIFIER = com.yeonsu.UserEmailLogin;
				PRODUCT_NAME = "$(TARGET_NAME)";
				SWIFT_EMIT_LOC_STRINGS = YES;
				SWIFT_VERSION = 5.0;
				TARGETED_DEVICE_FAMILY = "1,2";
			};
			name = Debug;
		};
		2F2F302B29705926002B1DE5 /* Release */ = {
			isa = XCBuildConfiguration;
			baseConfigurationReference = C8D8546927A5367587660622 /* Pods-UserEmailLogin.release.xcconfig */;
			buildSettings = {
				ASSETCATALOG_COMPILER_APPICON_NAME = AppIcon;
				ASSETCATALOG_COMPILER_GLOBAL_ACCENT_COLOR_NAME = AccentColor;
				CODE_SIGN_STYLE = Automatic;
				CURRENT_PROJECT_VERSION = 1;
				GENERATE_INFOPLIST_FILE = YES;
				INFOPLIST_FILE = UserEmailLogin/Info.plist;
				INFOPLIST_KEY_UIApplicationSupportsIndirectInputEvents = YES;
				INFOPLIST_KEY_UILaunchStoryboardName = LaunchScreen;
				INFOPLIST_KEY_UIMainStoryboardFile = Main;
				INFOPLIST_KEY_UISupportedInterfaceOrientations_iPad = "UIInterfaceOrientationPortrait UIInterfaceOrientationPortraitUpsideDown UIInterfaceOrientationLandscapeLeft UIInterfaceOrientationLandscapeRight";
				INFOPLIST_KEY_UISupportedInterfaceOrientations_iPhone = "UIInterfaceOrientationPortrait UIInterfaceOrientationLandscapeLeft UIInterfaceOrientationLandscapeRight";
				LD_RUNPATH_SEARCH_PATHS = (
					"$(inherited)",
					"@executable_path/Frameworks",
				);
				MARKETING_VERSION = 1.0;
				PRODUCT_BUNDLE_IDENTIFIER = com.yeonsu.UserEmailLogin;
				PRODUCT_NAME = "$(TARGET_NAME)";
				SWIFT_EMIT_LOC_STRINGS = YES;
				SWIFT_VERSION = 5.0;
				TARGETED_DEVICE_FAMILY = "1,2";
			};
			name = Release;
		};
/* End XCBuildConfiguration section */

/* Begin XCConfigurationList section */
		2F2F301029705925002B1DE5 /* Build configuration list for PBXProject "UserEmailLogin" */ = {
			isa = XCConfigurationList;
			buildConfigurations = (
				2F2F302729705926002B1DE5 /* Debug */,
				2F2F302829705926002B1DE5 /* Release */,
			);
			defaultConfigurationIsVisible = 0;
			defaultConfigurationName = Release;
		};
		2F2F302929705926002B1DE5 /* Build configuration list for PBXNativeTarget "UserEmailLogin" */ = {
			isa = XCConfigurationList;
			buildConfigurations = (
				2F2F302A29705926002B1DE5 /* Debug */,
				2F2F302B29705926002B1DE5 /* Release */,
			);
			defaultConfigurationIsVisible = 0;
			defaultConfigurationName = Release;
		};
/* End XCConfigurationList section */
	};
	rootObject = 2F2F300D29705925002B1DE5 /* Project object */;
}
