// !$*UTF8*$!
{
	archiveVersion = 1;
	classes = {
	};
	objectVersion = 56;
	objects = {

/* Begin PBXBuildFile section */
		2F3D98932967A56E0010CAD7 /* BannerViewController.swift in Sources */ = {isa = PBXBuildFile; fileRef = 2F3D98922967A56E0010CAD7 /* BannerViewController.swift */; };
		2F3D98952967B6BE0010CAD7 /* DailyWebtoonListViewController.swift in Sources */ = {isa = PBXBuildFile; fileRef = 2F3D98942967B6BE0010CAD7 /* DailyWebtoonListViewController.swift */; };
		2F80D28229680CA800C865D7 /* SubViewController.swift in Sources */ = {isa = PBXBuildFile; fileRef = 2F80D28129680CA800C865D7 /* SubViewController.swift */; };
		2FFA424C2965827A00CB5BA9 /* AppDelegate.swift in Sources */ = {isa = PBXBuildFile; fileRef = 2FFA424B2965827A00CB5BA9 /* AppDelegate.swift */; };
		2FFA424E2965827A00CB5BA9 /* SceneDelegate.swift in Sources */ = {isa = PBXBuildFile; fileRef = 2FFA424D2965827A00CB5BA9 /* SceneDelegate.swift */; };
		2FFA42502965827A00CB5BA9 /* ViewController.swift in Sources */ = {isa = PBXBuildFile; fileRef = 2FFA424F2965827A00CB5BA9 /* ViewController.swift */; };
		2FFA42532965827A00CB5BA9 /* Main.storyboard in Resources */ = {isa = PBXBuildFile; fileRef = 2FFA42512965827A00CB5BA9 /* Main.storyboard */; };
		2FFA42552965827C00CB5BA9 /* Assets.xcassets in Resources */ = {isa = PBXBuildFile; fileRef = 2FFA42542965827C00CB5BA9 /* Assets.xcassets */; };
		2FFA42582965827C00CB5BA9 /* LaunchScreen.storyboard in Resources */ = {isa = PBXBuildFile; fileRef = 2FFA42562965827C00CB5BA9 /* LaunchScreen.storyboard */; };
		2FFA426029658CC200CB5BA9 /* WebtoonCell.swift in Sources */ = {isa = PBXBuildFile; fileRef = 2FFA425F29658CC200CB5BA9 /* WebtoonCell.swift */; };
		2FFA426229658FFC00CB5BA9 /* WebtoonData.swift in Sources */ = {isa = PBXBuildFile; fileRef = 2FFA426129658FFC00CB5BA9 /* WebtoonData.swift */; };
		2FFA426729659DD100CB5BA9 /* WebtoonMainViewController.swift in Sources */ = {isa = PBXBuildFile; fileRef = 2FFA426629659DD100CB5BA9 /* WebtoonMainViewController.swift */; };
		32ADF58772F6A00FB1781A3F /* Pods_Naver_Webtoon.framework in Frameworks */ = {isa = PBXBuildFile; fileRef = 417A284C65AA82832E1E2C71 /* Pods_Naver_Webtoon.framework */; };
/* End PBXBuildFile section */

/* Begin PBXFileReference section */
		2F3D98922967A56E0010CAD7 /* BannerViewController.swift */ = {isa = PBXFileReference; lastKnownFileType = sourcecode.swift; path = BannerViewController.swift; sourceTree = "<group>"; };
		2F3D98942967B6BE0010CAD7 /* DailyWebtoonListViewController.swift */ = {isa = PBXFileReference; lastKnownFileType = sourcecode.swift; path = DailyWebtoonListViewController.swift; sourceTree = "<group>"; };
		2F80D28129680CA800C865D7 /* SubViewController.swift */ = {isa = PBXFileReference; lastKnownFileType = sourcecode.swift; path = SubViewController.swift; sourceTree = "<group>"; };
		2FFA42482965827A00CB5BA9 /* Naver-Webtoon.app */ = {isa = PBXFileReference; explicitFileType = wrapper.application; includeInIndex = 0; path = "Naver-Webtoon.app"; sourceTree = BUILT_PRODUCTS_DIR; };
		2FFA424B2965827A00CB5BA9 /* AppDelegate.swift */ = {isa = PBXFileReference; lastKnownFileType = sourcecode.swift; path = AppDelegate.swift; sourceTree = "<group>"; };
		2FFA424D2965827A00CB5BA9 /* SceneDelegate.swift */ = {isa = PBXFileReference; lastKnownFileType = sourcecode.swift; path = SceneDelegate.swift; sourceTree = "<group>"; };
		2FFA424F2965827A00CB5BA9 /* ViewController.swift */ = {isa = PBXFileReference; lastKnownFileType = sourcecode.swift; path = ViewController.swift; sourceTree = "<group>"; };
		2FFA42522965827A00CB5BA9 /* Base */ = {isa = PBXFileReference; lastKnownFileType = file.storyboard; name = Base; path = Base.lproj/Main.storyboard; sourceTree = "<group>"; };
		2FFA42542965827C00CB5BA9 /* Assets.xcassets */ = {isa = PBXFileReference; lastKnownFileType = folder.assetcatalog; path = Assets.xcassets; sourceTree = "<group>"; };
		2FFA42572965827C00CB5BA9 /* Base */ = {isa = PBXFileReference; lastKnownFileType = file.storyboard; name = Base; path = Base.lproj/LaunchScreen.storyboard; sourceTree = "<group>"; };
		2FFA42592965827C00CB5BA9 /* Info.plist */ = {isa = PBXFileReference; lastKnownFileType = text.plist.xml; path = Info.plist; sourceTree = "<group>"; };
		2FFA425F29658CC200CB5BA9 /* WebtoonCell.swift */ = {isa = PBXFileReference; lastKnownFileType = sourcecode.swift; path = WebtoonCell.swift; sourceTree = "<group>"; };
		2FFA426129658FFC00CB5BA9 /* WebtoonData.swift */ = {isa = PBXFileReference; lastKnownFileType = sourcecode.swift; path = WebtoonData.swift; sourceTree = "<group>"; };
		2FFA426629659DD100CB5BA9 /* WebtoonMainViewController.swift */ = {isa = PBXFileReference; lastKnownFileType = sourcecode.swift; path = WebtoonMainViewController.swift; sourceTree = "<group>"; };
		417A284C65AA82832E1E2C71 /* Pods_Naver_Webtoon.framework */ = {isa = PBXFileReference; explicitFileType = wrapper.framework; includeInIndex = 0; path = Pods_Naver_Webtoon.framework; sourceTree = BUILT_PRODUCTS_DIR; };
		76B72336E567750AB4B63A8D /* Pods-Naver-Webtoon.release.xcconfig */ = {isa = PBXFileReference; includeInIndex = 1; lastKnownFileType = text.xcconfig; name = "Pods-Naver-Webtoon.release.xcconfig"; path = "Target Support Files/Pods-Naver-Webtoon/Pods-Naver-Webtoon.release.xcconfig"; sourceTree = "<group>"; };
		98A6095CDC91A1B565DB4686 /* Pods-Naver-Webtoon.debug.xcconfig */ = {isa = PBXFileReference; includeInIndex = 1; lastKnownFileType = text.xcconfig; name = "Pods-Naver-Webtoon.debug.xcconfig"; path = "Target Support Files/Pods-Naver-Webtoon/Pods-Naver-Webtoon.debug.xcconfig"; sourceTree = "<group>"; };
/* End PBXFileReference section */

/* Begin PBXFrameworksBuildPhase section */
		2FFA42452965827A00CB5BA9 /* Frameworks */ = {
			isa = PBXFrameworksBuildPhase;
			buildActionMask = 2147483647;
			files = (
				32ADF58772F6A00FB1781A3F /* Pods_Naver_Webtoon.framework in Frameworks */,
			);
			runOnlyForDeploymentPostprocessing = 0;
		};
/* End PBXFrameworksBuildPhase section */

/* Begin PBXGroup section */
		21259759FB17CD1B6C8C1A9C /* Frameworks */ = {
			isa = PBXGroup;
			children = (
				417A284C65AA82832E1E2C71 /* Pods_Naver_Webtoon.framework */,
			);
			name = Frameworks;
			sourceTree = "<group>";
		};
		2FFA423F2965827A00CB5BA9 = {
			isa = PBXGroup;
			children = (
				2FFA424A2965827A00CB5BA9 /* Naver-Webtoon */,
				2FFA42492965827A00CB5BA9 /* Products */,
				D1F7DD6C7DC6E23B3C36F35C /* Pods */,
				21259759FB17CD1B6C8C1A9C /* Frameworks */,
			);
			sourceTree = "<group>";
		};
		2FFA42492965827A00CB5BA9 /* Products */ = {
			isa = PBXGroup;
			children = (
				2FFA42482965827A00CB5BA9 /* Naver-Webtoon.app */,
			);
			name = Products;
			sourceTree = "<group>";
		};
		2FFA424A2965827A00CB5BA9 /* Naver-Webtoon */ = {
			isa = PBXGroup;
			children = (
				2FFA426329659D9000CB5BA9 /* ViewControllers */,
				2FFA424B2965827A00CB5BA9 /* AppDelegate.swift */,
				2FFA424D2965827A00CB5BA9 /* SceneDelegate.swift */,
				2FFA42512965827A00CB5BA9 /* Main.storyboard */,
				2FFA42542965827C00CB5BA9 /* Assets.xcassets */,
				2FFA42562965827C00CB5BA9 /* LaunchScreen.storyboard */,
				2FFA42592965827C00CB5BA9 /* Info.plist */,
				2FFA425F29658CC200CB5BA9 /* WebtoonCell.swift */,
				2FFA426129658FFC00CB5BA9 /* WebtoonData.swift */,
			);
			path = "Naver-Webtoon";
			sourceTree = "<group>";
		};
		2FFA426329659D9000CB5BA9 /* ViewControllers */ = {
			isa = PBXGroup;
			children = (
				2FFA424F2965827A00CB5BA9 /* ViewController.swift */,
				2FFA426629659DD100CB5BA9 /* WebtoonMainViewController.swift */,
				2F3D98922967A56E0010CAD7 /* BannerViewController.swift */,
				2F3D98942967B6BE0010CAD7 /* DailyWebtoonListViewController.swift */,
				2F80D28129680CA800C865D7 /* SubViewController.swift */,
			);
			path = ViewControllers;
			sourceTree = "<group>";
		};
		D1F7DD6C7DC6E23B3C36F35C /* Pods */ = {
			isa = PBXGroup;
			children = (
				98A6095CDC91A1B565DB4686 /* Pods-Naver-Webtoon.debug.xcconfig */,
				76B72336E567750AB4B63A8D /* Pods-Naver-Webtoon.release.xcconfig */,
			);
			path = Pods;
			sourceTree = "<group>";
		};
/* End PBXGroup section */

/* Begin PBXNativeTarget section */
		2FFA42472965827A00CB5BA9 /* Naver-Webtoon */ = {
			isa = PBXNativeTarget;
			buildConfigurationList = 2FFA425C2965827C00CB5BA9 /* Build configuration list for PBXNativeTarget "Naver-Webtoon" */;
			buildPhases = (
				DE662FB504EFCE4F7CADDEBB /* [CP] Check Pods Manifest.lock */,
				2FFA42442965827A00CB5BA9 /* Sources */,
				2FFA42452965827A00CB5BA9 /* Frameworks */,
				2FFA42462965827A00CB5BA9 /* Resources */,
				D32C62294B51827FEABD248C /* [CP] Embed Pods Frameworks */,
			);
			buildRules = (
			);
			dependencies = (
			);
			name = "Naver-Webtoon";
			productName = "Naver-Webtoon";
			productReference = 2FFA42482965827A00CB5BA9 /* Naver-Webtoon.app */;
			productType = "com.apple.product-type.application";
		};
/* End PBXNativeTarget section */

/* Begin PBXProject section */
		2FFA42402965827A00CB5BA9 /* Project object */ = {
			isa = PBXProject;
			attributes = {
				BuildIndependentTargetsInParallel = 1;
				LastSwiftUpdateCheck = 1400;
				LastUpgradeCheck = 1400;
				TargetAttributes = {
					2FFA42472965827A00CB5BA9 = {
						CreatedOnToolsVersion = 14.0;
					};
				};
			};
			buildConfigurationList = 2FFA42432965827A00CB5BA9 /* Build configuration list for PBXProject "Naver-Webtoon" */;
			compatibilityVersion = "Xcode 14.0";
			developmentRegion = en;
			hasScannedForEncodings = 0;
			knownRegions = (
				en,
				Base,
			);
			mainGroup = 2FFA423F2965827A00CB5BA9;
			productRefGroup = 2FFA42492965827A00CB5BA9 /* Products */;
			projectDirPath = "";
			projectRoot = "";
			targets = (
				2FFA42472965827A00CB5BA9 /* Naver-Webtoon */,
			);
		};
/* End PBXProject section */

/* Begin PBXResourcesBuildPhase section */
		2FFA42462965827A00CB5BA9 /* Resources */ = {
			isa = PBXResourcesBuildPhase;
			buildActionMask = 2147483647;
			files = (
				2FFA42582965827C00CB5BA9 /* LaunchScreen.storyboard in Resources */,
				2FFA42552965827C00CB5BA9 /* Assets.xcassets in Resources */,
				2FFA42532965827A00CB5BA9 /* Main.storyboard in Resources */,
			);
			runOnlyForDeploymentPostprocessing = 0;
		};
/* End PBXResourcesBuildPhase section */

/* Begin PBXShellScriptBuildPhase section */
		D32C62294B51827FEABD248C /* [CP] Embed Pods Frameworks */ = {
			isa = PBXShellScriptBuildPhase;
			buildActionMask = 2147483647;
			files = (
			);
			inputFileListPaths = (
				"${PODS_ROOT}/Target Support Files/Pods-Naver-Webtoon/Pods-Naver-Webtoon-frameworks-${CONFIGURATION}-input-files.xcfilelist",
			);
			name = "[CP] Embed Pods Frameworks";
			outputFileListPaths = (
				"${PODS_ROOT}/Target Support Files/Pods-Naver-Webtoon/Pods-Naver-Webtoon-frameworks-${CONFIGURATION}-output-files.xcfilelist",
			);
			runOnlyForDeploymentPostprocessing = 0;
			shellPath = /bin/sh;
			shellScript = "\"${PODS_ROOT}/Target Support Files/Pods-Naver-Webtoon/Pods-Naver-Webtoon-frameworks.sh\"\n";
			showEnvVarsInLog = 0;
		};
		DE662FB504EFCE4F7CADDEBB /* [CP] Check Pods Manifest.lock */ = {
			isa = PBXShellScriptBuildPhase;
			buildActionMask = 2147483647;
			files = (
			);
			inputFileListPaths = (
			);
			inputPaths = (
				"${PODS_PODFILE_DIR_PATH}/Podfile.lock",
				"${PODS_ROOT}/Manifest.lock",
			);
			name = "[CP] Check Pods Manifest.lock";
			outputFileListPaths = (
			);
			outputPaths = (
				"$(DERIVED_FILE_DIR)/Pods-Naver-Webtoon-checkManifestLockResult.txt",
			);
			runOnlyForDeploymentPostprocessing = 0;
			shellPath = /bin/sh;
			shellScript = "diff \"${PODS_PODFILE_DIR_PATH}/Podfile.lock\" \"${PODS_ROOT}/Manifest.lock\" > /dev/null\nif [ $? != 0 ] ; then\n    # print error to STDERR\n    echo \"error: The sandbox is not in sync with the Podfile.lock. Run 'pod install' or update your CocoaPods installation.\" >&2\n    exit 1\nfi\n# This output is used by Xcode 'outputs' to avoid re-running this script phase.\necho \"SUCCESS\" > \"${SCRIPT_OUTPUT_FILE_0}\"\n";
			showEnvVarsInLog = 0;
		};
/* End PBXShellScriptBuildPhase section */

/* Begin PBXSourcesBuildPhase section */
		2FFA42442965827A00CB5BA9 /* Sources */ = {
			isa = PBXSourcesBuildPhase;
			buildActionMask = 2147483647;
			files = (
				2FFA42502965827A00CB5BA9 /* ViewController.swift in Sources */,
				2FFA424C2965827A00CB5BA9 /* AppDelegate.swift in Sources */,
				2FFA426729659DD100CB5BA9 /* WebtoonMainViewController.swift in Sources */,
				2F3D98952967B6BE0010CAD7 /* DailyWebtoonListViewController.swift in Sources */,
				2FFA426229658FFC00CB5BA9 /* WebtoonData.swift in Sources */,
				2FFA426029658CC200CB5BA9 /* WebtoonCell.swift in Sources */,
				2F80D28229680CA800C865D7 /* SubViewController.swift in Sources */,
				2FFA424E2965827A00CB5BA9 /* SceneDelegate.swift in Sources */,
				2F3D98932967A56E0010CAD7 /* BannerViewController.swift in Sources */,
			);
			runOnlyForDeploymentPostprocessing = 0;
		};
/* End PBXSourcesBuildPhase section */

/* Begin PBXVariantGroup section */
		2FFA42512965827A00CB5BA9 /* Main.storyboard */ = {
			isa = PBXVariantGroup;
			children = (
				2FFA42522965827A00CB5BA9 /* Base */,
			);
			name = Main.storyboard;
			sourceTree = "<group>";
		};
		2FFA42562965827C00CB5BA9 /* LaunchScreen.storyboard */ = {
			isa = PBXVariantGroup;
			children = (
				2FFA42572965827C00CB5BA9 /* Base */,
			);
			name = LaunchScreen.storyboard;
			sourceTree = "<group>";
		};
/* End PBXVariantGroup section */

/* Begin XCBuildConfiguration section */
		2FFA425A2965827C00CB5BA9 /* Debug */ = {
			isa = XCBuildConfiguration;
			buildSettings = {
				ALWAYS_SEARCH_USER_PATHS = NO;
				CLANG_ANALYZER_NONNULL = YES;
				CLANG_ANALYZER_NUMBER_OBJECT_CONVERSION = YES_AGGRESSIVE;
				CLANG_CXX_LANGUAGE_STANDARD = "gnu++20";
				CLANG_ENABLE_MODULES = YES;
				CLANG_ENABLE_OBJC_ARC = YES;
				CLANG_ENABLE_OBJC_WEAK = YES;
				CLANG_WARN_BLOCK_CAPTURE_AUTORELEASING = YES;
				CLANG_WARN_BOOL_CONVERSION = YES;
				CLANG_WARN_COMMA = YES;
				CLANG_WARN_CONSTANT_CONVERSION = YES;
				CLANG_WARN_DEPRECATED_OBJC_IMPLEMENTATIONS = YES;
				CLANG_WARN_DIRECT_OBJC_ISA_USAGE = YES_ERROR;
				CLANG_WARN_DOCUMENTATION_COMMENTS = YES;
				CLANG_WARN_EMPTY_BODY = YES;
				CLANG_WARN_ENUM_CONVERSION = YES;
				CLANG_WARN_INFINITE_RECURSION = YES;
				CLANG_WARN_INT_CONVERSION = YES;
				CLANG_WARN_NON_LITERAL_NULL_CONVERSION = YES;
				CLANG_WARN_OBJC_IMPLICIT_RETAIN_SELF = YES;
				CLANG_WARN_OBJC_LITERAL_CONVERSION = YES;
				CLANG_WARN_OBJC_ROOT_CLASS = YES_ERROR;
				CLANG_WARN_QUOTED_INCLUDE_IN_FRAMEWORK_HEADER = YES;
				CLANG_WARN_RANGE_LOOP_ANALYSIS = YES;
				CLANG_WARN_STRICT_PROTOTYPES = YES;
				CLANG_WARN_SUSPICIOUS_MOVE = YES;
				CLANG_WARN_UNGUARDED_AVAILABILITY = YES_AGGRESSIVE;
				CLANG_WARN_UNREACHABLE_CODE = YES;
				CLANG_WARN__DUPLICATE_METHOD_MATCH = YES;
				COPY_PHASE_STRIP = NO;
				DEBUG_INFORMATION_FORMAT = dwarf;
				ENABLE_STRICT_OBJC_MSGSEND = YES;
				ENABLE_TESTABILITY = YES;
				GCC_C_LANGUAGE_STANDARD = gnu11;
				GCC_DYNAMIC_NO_PIC = NO;
				GCC_NO_COMMON_BLOCKS = YES;
				GCC_OPTIMIZATION_LEVEL = 0;
				GCC_PREPROCESSOR_DEFINITIONS = (
					"DEBUG=1",
					"$(inherited)",
				);
				GCC_WARN_64_TO_32_BIT_CONVERSION = YES;
				GCC_WARN_ABOUT_RETURN_TYPE = YES_ERROR;
				GCC_WARN_UNDECLARED_SELECTOR = YES;
				GCC_WARN_UNINITIALIZED_AUTOS = YES_AGGRESSIVE;
				GCC_WARN_UNUSED_FUNCTION = YES;
				GCC_WARN_UNUSED_VARIABLE = YES;
				IPHONEOS_DEPLOYMENT_TARGET = 16.0;
				MTL_ENABLE_DEBUG_INFO = INCLUDE_SOURCE;
				MTL_FAST_MATH = YES;
				ONLY_ACTIVE_ARCH = YES;
				SDKROOT = iphoneos;
				SWIFT_ACTIVE_COMPILATION_CONDITIONS = DEBUG;
				SWIFT_OPTIMIZATION_LEVEL = "-Onone";
			};
			name = Debug;
		};
		2FFA425B2965827C00CB5BA9 /* Release */ = {
			isa = XCBuildConfiguration;
			buildSettings = {
				ALWAYS_SEARCH_USER_PATHS = NO;
				CLANG_ANALYZER_NONNULL = YES;
				CLANG_ANALYZER_NUMBER_OBJECT_CONVERSION = YES_AGGRESSIVE;
				CLANG_CXX_LANGUAGE_STANDARD = "gnu++20";
				CLANG_ENABLE_MODULES = YES;
				CLANG_ENABLE_OBJC_ARC = YES;
				CLANG_ENABLE_OBJC_WEAK = YES;
				CLANG_WARN_BLOCK_CAPTURE_AUTORELEASING = YES;
				CLANG_WARN_BOOL_CONVERSION = YES;
				CLANG_WARN_COMMA = YES;
				CLANG_WARN_CONSTANT_CONVERSION = YES;
				CLANG_WARN_DEPRECATED_OBJC_IMPLEMENTATIONS = YES;
				CLANG_WARN_DIRECT_OBJC_ISA_USAGE = YES_ERROR;
				CLANG_WARN_DOCUMENTATION_COMMENTS = YES;
				CLANG_WARN_EMPTY_BODY = YES;
				CLANG_WARN_ENUM_CONVERSION = YES;
				CLANG_WARN_INFINITE_RECURSION = YES;
				CLANG_WARN_INT_CONVERSION = YES;
				CLANG_WARN_NON_LITERAL_NULL_CONVERSION = YES;
				CLANG_WARN_OBJC_IMPLICIT_RETAIN_SELF = YES;
				CLANG_WARN_OBJC_LITERAL_CONVERSION = YES;
				CLANG_WARN_OBJC_ROOT_CLASS = YES_ERROR;
				CLANG_WARN_QUOTED_INCLUDE_IN_FRAMEWORK_HEADER = YES;
				CLANG_WARN_RANGE_LOOP_ANALYSIS = YES;
				CLANG_WARN_STRICT_PROTOTYPES = YES;
				CLANG_WARN_SUSPICIOUS_MOVE = YES;
				CLANG_WARN_UNGUARDED_AVAILABILITY = YES_AGGRESSIVE;
				CLANG_WARN_UNREACHABLE_CODE = YES;
				CLANG_WARN__DUPLICATE_METHOD_MATCH = YES;
				COPY_PHASE_STRIP = NO;
				DEBUG_INFORMATION_FORMAT = "dwarf-with-dsym";
				ENABLE_NS_ASSERTIONS = NO;
				ENABLE_STRICT_OBJC_MSGSEND = YES;
				GCC_C_LANGUAGE_STANDARD = gnu11;
				GCC_NO_COMMON_BLOCKS = YES;
				GCC_WARN_64_TO_32_BIT_CONVERSION = YES;
				GCC_WARN_ABOUT_RETURN_TYPE = YES_ERROR;
				GCC_WARN_UNDECLARED_SELECTOR = YES;
				GCC_WARN_UNINITIALIZED_AUTOS = YES_AGGRESSIVE;
				GCC_WARN_UNUSED_FUNCTION = YES;
				GCC_WARN_UNUSED_VARIABLE = YES;
				IPHONEOS_DEPLOYMENT_TARGET = 16.0;
				MTL_ENABLE_DEBUG_INFO = NO;
				MTL_FAST_MATH = YES;
				SDKROOT = iphoneos;
				SWIFT_COMPILATION_MODE = wholemodule;
				SWIFT_OPTIMIZATION_LEVEL = "-O";
				VALIDATE_PRODUCT = YES;
			};
			name = Release;
		};
		2FFA425D2965827C00CB5BA9 /* Debug */ = {
			isa = XCBuildConfiguration;
			baseConfigurationReference = 98A6095CDC91A1B565DB4686 /* Pods-Naver-Webtoon.debug.xcconfig */;
			buildSettings = {
				ASSETCATALOG_COMPILER_APPICON_NAME = AppIcon;
				ASSETCATALOG_COMPILER_GLOBAL_ACCENT_COLOR_NAME = AccentColor;
				CODE_SIGN_STYLE = Automatic;
				CURRENT_PROJECT_VERSION = 1;
				GENERATE_INFOPLIST_FILE = YES;
				INFOPLIST_FILE = "Naver-Webtoon/Info.plist";
				INFOPLIST_KEY_UIApplicationSupportsIndirectInputEvents = YES;
				INFOPLIST_KEY_UILaunchStoryboardName = LaunchScreen;
				INFOPLIST_KEY_UIMainStoryboardFile = Main;
				INFOPLIST_KEY_UISupportedInterfaceOrientations_iPad = "UIInterfaceOrientationPortrait UIInterfaceOrientationPortraitUpsideDown UIInterfaceOrientationLandscapeLeft UIInterfaceOrientationLandscapeRight";
				INFOPLIST_KEY_UISupportedInterfaceOrientations_iPhone = "UIInterfaceOrientationPortrait UIInterfaceOrientationLandscapeLeft UIInterfaceOrientationLandscapeRight";
				LD_RUNPATH_SEARCH_PATHS = (
					"$(inherited)",
					"@executable_path/Frameworks",
				);
				MARKETING_VERSION = 1.0;
				PRODUCT_BUNDLE_IDENTIFIER = "com.yeonsu.Naver-Webtoon";
				PRODUCT_NAME = "$(TARGET_NAME)";
				SWIFT_EMIT_LOC_STRINGS = YES;
				SWIFT_VERSION = 5.0;
				TARGETED_DEVICE_FAMILY = "1,2";
			};
			name = Debug;
		};
		2FFA425E2965827C00CB5BA9 /* Release */ = {
			isa = XCBuildConfiguration;
			baseConfigurationReference = 76B72336E567750AB4B63A8D /* Pods-Naver-Webtoon.release.xcconfig */;
			buildSettings = {
				ASSETCATALOG_COMPILER_APPICON_NAME = AppIcon;
				ASSETCATALOG_COMPILER_GLOBAL_ACCENT_COLOR_NAME = AccentColor;
				CODE_SIGN_STYLE = Automatic;
				CURRENT_PROJECT_VERSION = 1;
				GENERATE_INFOPLIST_FILE = YES;
				INFOPLIST_FILE = "Naver-Webtoon/Info.plist";
				INFOPLIST_KEY_UIApplicationSupportsIndirectInputEvents = YES;
				INFOPLIST_KEY_UILaunchStoryboardName = LaunchScreen;
				INFOPLIST_KEY_UIMainStoryboardFile = Main;
				INFOPLIST_KEY_UISupportedInterfaceOrientations_iPad = "UIInterfaceOrientationPortrait UIInterfaceOrientationPortraitUpsideDown UIInterfaceOrientationLandscapeLeft UIInterfaceOrientationLandscapeRight";
				INFOPLIST_KEY_UISupportedInterfaceOrientations_iPhone = "UIInterfaceOrientationPortrait UIInterfaceOrientationLandscapeLeft UIInterfaceOrientationLandscapeRight";
				LD_RUNPATH_SEARCH_PATHS = (
					"$(inherited)",
					"@executable_path/Frameworks",
				);
				MARKETING_VERSION = 1.0;
				PRODUCT_BUNDLE_IDENTIFIER = "com.yeonsu.Naver-Webtoon";
				PRODUCT_NAME = "$(TARGET_NAME)";
				SWIFT_EMIT_LOC_STRINGS = YES;
				SWIFT_VERSION = 5.0;
				TARGETED_DEVICE_FAMILY = "1,2";
			};
			name = Release;
		};
/* End XCBuildConfiguration section */

/* Begin XCConfigurationList section */
		2FFA42432965827A00CB5BA9 /* Build configuration list for PBXProject "Naver-Webtoon" */ = {
			isa = XCConfigurationList;
			buildConfigurations = (
				2FFA425A2965827C00CB5BA9 /* Debug */,
				2FFA425B2965827C00CB5BA9 /* Release */,
			);
			defaultConfigurationIsVisible = 0;
			defaultConfigurationName = Release;
		};
		2FFA425C2965827C00CB5BA9 /* Build configuration list for PBXNativeTarget "Naver-Webtoon" */ = {
			isa = XCConfigurationList;
			buildConfigurations = (
				2FFA425D2965827C00CB5BA9 /* Debug */,
				2FFA425E2965827C00CB5BA9 /* Release */,
			);
			defaultConfigurationIsVisible = 0;
			defaultConfigurationName = Release;
		};
/* End XCConfigurationList section */
	};
	rootObject = 2FFA42402965827A00CB5BA9 /* Project object */;
}
