// !$*UTF8*$!
{
	archiveVersion = 1;
	classes = {
	};
	objectVersion = 56;
	objects = {

/* Begin PBXBuildFile section */
		2FC12A3B2963BCA700325539 /* AppDelegate.swift in Sources */ = {isa = PBXBuildFile; fileRef = 2FC12A3A2963BCA700325539 /* AppDelegate.swift */; };
		2FC12A3D2963BCA700325539 /* SceneDelegate.swift in Sources */ = {isa = PBXBuildFile; fileRef = 2FC12A3C2963BCA700325539 /* SceneDelegate.swift */; };
		2FC12A3F2963BCA700325539 /* ViewController.swift in Sources */ = {isa = PBXBuildFile; fileRef = 2FC12A3E2963BCA700325539 /* ViewController.swift */; };
		2FC12A422963BCA700325539 /* Main.storyboard in Resources */ = {isa = PBXBuildFile; fileRef = 2FC12A402963BCA700325539 /* Main.storyboard */; };
		2FC12A442963BCA800325539 /* Assets.xcassets in Resources */ = {isa = PBXBuildFile; fileRef = 2FC12A432963BCA800325539 /* Assets.xcassets */; };
		2FC12A472963BCA800325539 /* LaunchScreen.storyboard in Resources */ = {isa = PBXBuildFile; fileRef = 2FC12A452963BCA800325539 /* LaunchScreen.storyboard */; };
		2FC12A4F2963BF0A00325539 /* SecondViewController.swift in Sources */ = {isa = PBXBuildFile; fileRef = 2FC12A4E2963BF0A00325539 /* SecondViewController.swift */; };
		60C1FC55DFCFED1C92888758 /* Pods_NavigationBarBasic.framework in Frameworks */ = {isa = PBXBuildFile; fileRef = F87BF65BED4FC03809ADE389 /* Pods_NavigationBarBasic.framework */; };
/* End PBXBuildFile section */

/* Begin PBXFileReference section */
		2FC12A372963BCA700325539 /* NavigationBarBasic.app */ = {isa = PBXFileReference; explicitFileType = wrapper.application; includeInIndex = 0; path = NavigationBarBasic.app; sourceTree = BUILT_PRODUCTS_DIR; };
		2FC12A3A2963BCA700325539 /* AppDelegate.swift */ = {isa = PBXFileReference; lastKnownFileType = sourcecode.swift; path = AppDelegate.swift; sourceTree = "<group>"; };
		2FC12A3C2963BCA700325539 /* SceneDelegate.swift */ = {isa = PBXFileReference; lastKnownFileType = sourcecode.swift; path = SceneDelegate.swift; sourceTree = "<group>"; };
		2FC12A3E2963BCA700325539 /* ViewController.swift */ = {isa = PBXFileReference; lastKnownFileType = sourcecode.swift; path = ViewController.swift; sourceTree = "<group>"; };
		2FC12A412963BCA700325539 /* Base */ = {isa = PBXFileReference; lastKnownFileType = file.storyboard; name = Base; path = Base.lproj/Main.storyboard; sourceTree = "<group>"; };
		2FC12A432963BCA800325539 /* Assets.xcassets */ = {isa = PBXFileReference; lastKnownFileType = folder.assetcatalog; path = Assets.xcassets; sourceTree = "<group>"; };
		2FC12A462963BCA800325539 /* Base */ = {isa = PBXFileReference; lastKnownFileType = file.storyboard; name = Base; path = Base.lproj/LaunchScreen.storyboard; sourceTree = "<group>"; };
		2FC12A482963BCA800325539 /* Info.plist */ = {isa = PBXFileReference; lastKnownFileType = text.plist.xml; path = Info.plist; sourceTree = "<group>"; };
		2FC12A4E2963BF0A00325539 /* SecondViewController.swift */ = {isa = PBXFileReference; lastKnownFileType = sourcecode.swift; path = SecondViewController.swift; sourceTree = "<group>"; };
		624ECAD744BDD0CD44A14117 /* Pods-NavigationBarBasic.release.xcconfig */ = {isa = PBXFileReference; includeInIndex = 1; lastKnownFileType = text.xcconfig; name = "Pods-NavigationBarBasic.release.xcconfig"; path = "Target Support Files/Pods-NavigationBarBasic/Pods-NavigationBarBasic.release.xcconfig"; sourceTree = "<group>"; };
		EEFBD58819B2514D1CD3AB12 /* Pods-NavigationBarBasic.debug.xcconfig */ = {isa = PBXFileReference; includeInIndex = 1; lastKnownFileType = text.xcconfig; name = "Pods-NavigationBarBasic.debug.xcconfig"; path = "Target Support Files/Pods-NavigationBarBasic/Pods-NavigationBarBasic.debug.xcconfig"; sourceTree = "<group>"; };
		F87BF65BED4FC03809ADE389 /* Pods_NavigationBarBasic.framework */ = {isa = PBXFileReference; explicitFileType = wrapper.framework; includeInIndex = 0; path = Pods_NavigationBarBasic.framework; sourceTree = BUILT_PRODUCTS_DIR; };
/* End PBXFileReference section */

/* Begin PBXFrameworksBuildPhase section */
		2FC12A342963BCA700325539 /* Frameworks */ = {
			isa = PBXFrameworksBuildPhase;
			buildActionMask = 2147483647;
			files = (
				60C1FC55DFCFED1C92888758 /* Pods_NavigationBarBasic.framework in Frameworks */,
			);
			runOnlyForDeploymentPostprocessing = 0;
		};
/* End PBXFrameworksBuildPhase section */

/* Begin PBXGroup section */
		2FC12A2E2963BCA700325539 = {
			isa = PBXGroup;
			children = (
				2FC12A392963BCA700325539 /* NavigationBarBasic */,
				2FC12A382963BCA700325539 /* Products */,
				47B461C5487A7A45D639A0E5 /* Pods */,
				EFAA871DFAAFE098A0AAFE14 /* Frameworks */,
			);
			sourceTree = "<group>";
		};
		2FC12A382963BCA700325539 /* Products */ = {
			isa = PBXGroup;
			children = (
				2FC12A372963BCA700325539 /* NavigationBarBasic.app */,
			);
			name = Products;
			sourceTree = "<group>";
		};
		2FC12A392963BCA700325539 /* NavigationBarBasic */ = {
			isa = PBXGroup;
			children = (
				2FC12A3A2963BCA700325539 /* AppDelegate.swift */,
				2FC12A3C2963BCA700325539 /* SceneDelegate.swift */,
				2FC12A3E2963BCA700325539 /* ViewController.swift */,
				2FC12A402963BCA700325539 /* Main.storyboard */,
				2FC12A432963BCA800325539 /* Assets.xcassets */,
				2FC12A452963BCA800325539 /* LaunchScreen.storyboard */,
				2FC12A482963BCA800325539 /* Info.plist */,
				2FC12A4E2963BF0A00325539 /* SecondViewController.swift */,
			);
			path = NavigationBarBasic;
			sourceTree = "<group>";
		};
		47B461C5487A7A45D639A0E5 /* Pods */ = {
			isa = PBXGroup;
			children = (
				EEFBD58819B2514D1CD3AB12 /* Pods-NavigationBarBasic.debug.xcconfig */,
				624ECAD744BDD0CD44A14117 /* Pods-NavigationBarBasic.release.xcconfig */,
			);
			path = Pods;
			sourceTree = "<group>";
		};
		EFAA871DFAAFE098A0AAFE14 /* Frameworks */ = {
			isa = PBXGroup;
			children = (
				F87BF65BED4FC03809ADE389 /* Pods_NavigationBarBasic.framework */,
			);
			name = Frameworks;
			sourceTree = "<group>";
		};
/* End PBXGroup section */

/* Begin PBXNativeTarget section */
		2FC12A362963BCA700325539 /* NavigationBarBasic */ = {
			isa = PBXNativeTarget;
			buildConfigurationList = 2FC12A4B2963BCA800325539 /* Build configuration list for PBXNativeTarget "NavigationBarBasic" */;
			buildPhases = (
				2B9C53655754882F5B20CD73 /* [CP] Check Pods Manifest.lock */,
				2FC12A332963BCA700325539 /* Sources */,
				2FC12A342963BCA700325539 /* Frameworks */,
				2FC12A352963BCA700325539 /* Resources */,
			);
			buildRules = (
			);
			dependencies = (
			);
			name = NavigationBarBasic;
			productName = NavigationBarBasic;
			productReference = 2FC12A372963BCA700325539 /* NavigationBarBasic.app */;
			productType = "com.apple.product-type.application";
		};
/* End PBXNativeTarget section */

/* Begin PBXProject section */
		2FC12A2F2963BCA700325539 /* Project object */ = {
			isa = PBXProject;
			attributes = {
				BuildIndependentTargetsInParallel = 1;
				LastSwiftUpdateCheck = 1400;
				LastUpgradeCheck = 1400;
				TargetAttributes = {
					2FC12A362963BCA700325539 = {
						CreatedOnToolsVersion = 14.0;
					};
				};
			};
			buildConfigurationList = 2FC12A322963BCA700325539 /* Build configuration list for PBXProject "NavigationBarBasic" */;
			compatibilityVersion = "Xcode 14.0";
			developmentRegion = en;
			hasScannedForEncodings = 0;
			knownRegions = (
				en,
				Base,
			);
			mainGroup = 2FC12A2E2963BCA700325539;
			productRefGroup = 2FC12A382963BCA700325539 /* Products */;
			projectDirPath = "";
			projectRoot = "";
			targets = (
				2FC12A362963BCA700325539 /* NavigationBarBasic */,
			);
		};
/* End PBXProject section */

/* Begin PBXResourcesBuildPhase section */
		2FC12A352963BCA700325539 /* Resources */ = {
			isa = PBXResourcesBuildPhase;
			buildActionMask = 2147483647;
			files = (
				2FC12A472963BCA800325539 /* LaunchScreen.storyboard in Resources */,
				2FC12A442963BCA800325539 /* Assets.xcassets in Resources */,
				2FC12A422963BCA700325539 /* Main.storyboard in Resources */,
			);
			runOnlyForDeploymentPostprocessing = 0;
		};
/* End PBXResourcesBuildPhase section */

/* Begin PBXShellScriptBuildPhase section */
		2B9C53655754882F5B20CD73 /* [CP] Check Pods Manifest.lock */ = {
			isa = PBXShellScriptBuildPhase;
			buildActionMask = 2147483647;
			files = (
			);
			inputFileListPaths = (
			);
			inputPaths = (
				"${PODS_PODFILE_DIR_PATH}/Podfile.lock",
				"${PODS_ROOT}/Manifest.lock",
			);
			name = "[CP] Check Pods Manifest.lock";
			outputFileListPaths = (
			);
			outputPaths = (
				"$(DERIVED_FILE_DIR)/Pods-NavigationBarBasic-checkManifestLockResult.txt",
			);
			runOnlyForDeploymentPostprocessing = 0;
			shellPath = /bin/sh;
			shellScript = "diff \"${PODS_PODFILE_DIR_PATH}/Podfile.lock\" \"${PODS_ROOT}/Manifest.lock\" > /dev/null\nif [ $? != 0 ] ; then\n    # print error to STDERR\n    echo \"error: The sandbox is not in sync with the Podfile.lock. Run 'pod install' or update your CocoaPods installation.\" >&2\n    exit 1\nfi\n# This output is used by Xcode 'outputs' to avoid re-running this script phase.\necho \"SUCCESS\" > \"${SCRIPT_OUTPUT_FILE_0}\"\n";
			showEnvVarsInLog = 0;
		};
/* End PBXShellScriptBuildPhase section */

/* Begin PBXSourcesBuildPhase section */
		2FC12A332963BCA700325539 /* Sources */ = {
			isa = PBXSourcesBuildPhase;
			buildActionMask = 2147483647;
			files = (
				2FC12A4F2963BF0A00325539 /* SecondViewController.swift in Sources */,
				2FC12A3F2963BCA700325539 /* ViewController.swift in Sources */,
				2FC12A3B2963BCA700325539 /* AppDelegate.swift in Sources */,
				2FC12A3D2963BCA700325539 /* SceneDelegate.swift in Sources */,
			);
			runOnlyForDeploymentPostprocessing = 0;
		};
/* End PBXSourcesBuildPhase section */

/* Begin PBXVariantGroup section */
		2FC12A402963BCA700325539 /* Main.storyboard */ = {
			isa = PBXVariantGroup;
			children = (
				2FC12A412963BCA700325539 /* Base */,
			);
			name = Main.storyboard;
			sourceTree = "<group>";
		};
		2FC12A452963BCA800325539 /* LaunchScreen.storyboard */ = {
			isa = PBXVariantGroup;
			children = (
				2FC12A462963BCA800325539 /* Base */,
			);
			name = LaunchScreen.storyboard;
			sourceTree = "<group>";
		};
/* End PBXVariantGroup section */

/* Begin XCBuildConfiguration section */
		2FC12A492963BCA800325539 /* Debug */ = {
			isa = XCBuildConfiguration;
			buildSettings = {
				ALWAYS_SEARCH_USER_PATHS = NO;
				CLANG_ANALYZER_NONNULL = YES;
				CLANG_ANALYZER_NUMBER_OBJECT_CONVERSION = YES_AGGRESSIVE;
				CLANG_CXX_LANGUAGE_STANDARD = "gnu++20";
				CLANG_ENABLE_MODULES = YES;
				CLANG_ENABLE_OBJC_ARC = YES;
				CLANG_ENABLE_OBJC_WEAK = YES;
				CLANG_WARN_BLOCK_CAPTURE_AUTORELEASING = YES;
				CLANG_WARN_BOOL_CONVERSION = YES;
				CLANG_WARN_COMMA = YES;
				CLANG_WARN_CONSTANT_CONVERSION = YES;
				CLANG_WARN_DEPRECATED_OBJC_IMPLEMENTATIONS = YES;
				CLANG_WARN_DIRECT_OBJC_ISA_USAGE = YES_ERROR;
				CLANG_WARN_DOCUMENTATION_COMMENTS = YES;
				CLANG_WARN_EMPTY_BODY = YES;
				CLANG_WARN_ENUM_CONVERSION = YES;
				CLANG_WARN_INFINITE_RECURSION = YES;
				CLANG_WARN_INT_CONVERSION = YES;
				CLANG_WARN_NON_LITERAL_NULL_CONVERSION = YES;
				CLANG_WARN_OBJC_IMPLICIT_RETAIN_SELF = YES;
				CLANG_WARN_OBJC_LITERAL_CONVERSION = YES;
				CLANG_WARN_OBJC_ROOT_CLASS = YES_ERROR;
				CLANG_WARN_QUOTED_INCLUDE_IN_FRAMEWORK_HEADER = YES;
				CLANG_WARN_RANGE_LOOP_ANALYSIS = YES;
				CLANG_WARN_STRICT_PROTOTYPES = YES;
				CLANG_WARN_SUSPICIOUS_MOVE = YES;
				CLANG_WARN_UNGUARDED_AVAILABILITY = YES_AGGRESSIVE;
				CLANG_WARN_UNREACHABLE_CODE = YES;
				CLANG_WARN__DUPLICATE_METHOD_MATCH = YES;
				COPY_PHASE_STRIP = NO;
				DEBUG_INFORMATION_FORMAT = dwarf;
				ENABLE_STRICT_OBJC_MSGSEND = YES;
				ENABLE_TESTABILITY = YES;
				GCC_C_LANGUAGE_STANDARD = gnu11;
				GCC_DYNAMIC_NO_PIC = NO;
				GCC_NO_COMMON_BLOCKS = YES;
				GCC_OPTIMIZATION_LEVEL = 0;
				GCC_PREPROCESSOR_DEFINITIONS = (
					"DEBUG=1",
					"$(inherited)",
				);
				GCC_WARN_64_TO_32_BIT_CONVERSION = YES;
				GCC_WARN_ABOUT_RETURN_TYPE = YES_ERROR;
				GCC_WARN_UNDECLARED_SELECTOR = YES;
				GCC_WARN_UNINITIALIZED_AUTOS = YES_AGGRESSIVE;
				GCC_WARN_UNUSED_FUNCTION = YES;
				GCC_WARN_UNUSED_VARIABLE = YES;
				IPHONEOS_DEPLOYMENT_TARGET = 16.0;
				MTL_ENABLE_DEBUG_INFO = INCLUDE_SOURCE;
				MTL_FAST_MATH = YES;
				ONLY_ACTIVE_ARCH = YES;
				SDKROOT = iphoneos;
				SWIFT_ACTIVE_COMPILATION_CONDITIONS = DEBUG;
				SWIFT_OPTIMIZATION_LEVEL = "-Onone";
			};
			name = Debug;
		};
		2FC12A4A2963BCA800325539 /* Release */ = {
			isa = XCBuildConfiguration;
			buildSettings = {
				ALWAYS_SEARCH_USER_PATHS = NO;
				CLANG_ANALYZER_NONNULL = YES;
				CLANG_ANALYZER_NUMBER_OBJECT_CONVERSION = YES_AGGRESSIVE;
				CLANG_CXX_LANGUAGE_STANDARD = "gnu++20";
				CLANG_ENABLE_MODULES = YES;
				CLANG_ENABLE_OBJC_ARC = YES;
				CLANG_ENABLE_OBJC_WEAK = YES;
				CLANG_WARN_BLOCK_CAPTURE_AUTORELEASING = YES;
				CLANG_WARN_BOOL_CONVERSION = YES;
				CLANG_WARN_COMMA = YES;
				CLANG_WARN_CONSTANT_CONVERSION = YES;
				CLANG_WARN_DEPRECATED_OBJC_IMPLEMENTATIONS = YES;
				CLANG_WARN_DIRECT_OBJC_ISA_USAGE = YES_ERROR;
				CLANG_WARN_DOCUMENTATION_COMMENTS = YES;
				CLANG_WARN_EMPTY_BODY = YES;
				CLANG_WARN_ENUM_CONVERSION = YES;
				CLANG_WARN_INFINITE_RECURSION = YES;
				CLANG_WARN_INT_CONVERSION = YES;
				CLANG_WARN_NON_LITERAL_NULL_CONVERSION = YES;
				CLANG_WARN_OBJC_IMPLICIT_RETAIN_SELF = YES;
				CLANG_WARN_OBJC_LITERAL_CONVERSION = YES;
				CLANG_WARN_OBJC_ROOT_CLASS = YES_ERROR;
				CLANG_WARN_QUOTED_INCLUDE_IN_FRAMEWORK_HEADER = YES;
				CLANG_WARN_RANGE_LOOP_ANALYSIS = YES;
				CLANG_WARN_STRICT_PROTOTYPES = YES;
				CLANG_WARN_SUSPICIOUS_MOVE = YES;
				CLANG_WARN_UNGUARDED_AVAILABILITY = YES_AGGRESSIVE;
				CLANG_WARN_UNREACHABLE_CODE = YES;
				CLANG_WARN__DUPLICATE_METHOD_MATCH = YES;
				COPY_PHASE_STRIP = NO;
				DEBUG_INFORMATION_FORMAT = "dwarf-with-dsym";
				ENABLE_NS_ASSERTIONS = NO;
				ENABLE_STRICT_OBJC_MSGSEND = YES;
				GCC_C_LANGUAGE_STANDARD = gnu11;
				GCC_NO_COMMON_BLOCKS = YES;
				GCC_WARN_64_TO_32_BIT_CONVERSION = YES;
				GCC_WARN_ABOUT_RETURN_TYPE = YES_ERROR;
				GCC_WARN_UNDECLARED_SELECTOR = YES;
				GCC_WARN_UNINITIALIZED_AUTOS = YES_AGGRESSIVE;
				GCC_WARN_UNUSED_FUNCTION = YES;
				GCC_WARN_UNUSED_VARIABLE = YES;
				IPHONEOS_DEPLOYMENT_TARGET = 16.0;
				MTL_ENABLE_DEBUG_INFO = NO;
				MTL_FAST_MATH = YES;
				SDKROOT = iphoneos;
				SWIFT_COMPILATION_MODE = wholemodule;
				SWIFT_OPTIMIZATION_LEVEL = "-O";
				VALIDATE_PRODUCT = YES;
			};
			name = Release;
		};
		2FC12A4C2963BCA800325539 /* Debug */ = {
			isa = XCBuildConfiguration;
			baseConfigurationReference = EEFBD58819B2514D1CD3AB12 /* Pods-NavigationBarBasic.debug.xcconfig */;
			buildSettings = {
				ASSETCATALOG_COMPILER_APPICON_NAME = AppIcon;
				ASSETCATALOG_COMPILER_GLOBAL_ACCENT_COLOR_NAME = AccentColor;
				CODE_SIGN_STYLE = Automatic;
				CURRENT_PROJECT_VERSION = 1;
				GENERATE_INFOPLIST_FILE = YES;
				INFOPLIST_FILE = NavigationBarBasic/Info.plist;
				INFOPLIST_KEY_UIApplicationSupportsIndirectInputEvents = YES;
				INFOPLIST_KEY_UILaunchStoryboardName = LaunchScreen;
				INFOPLIST_KEY_UIMainStoryboardFile = Main;
				INFOPLIST_KEY_UISupportedInterfaceOrientations_iPad = "UIInterfaceOrientationPortrait UIInterfaceOrientationPortraitUpsideDown UIInterfaceOrientationLandscapeLeft UIInterfaceOrientationLandscapeRight";
				INFOPLIST_KEY_UISupportedInterfaceOrientations_iPhone = "UIInterfaceOrientationPortrait UIInterfaceOrientationLandscapeLeft UIInterfaceOrientationLandscapeRight";
				LD_RUNPATH_SEARCH_PATHS = (
					"$(inherited)",
					"@executable_path/Frameworks",
				);
				MARKETING_VERSION = 1.0;
				PRODUCT_BUNDLE_IDENTIFIER = com.yeonsu.NavigationBarBasic;
				PRODUCT_NAME = "$(TARGET_NAME)";
				SWIFT_EMIT_LOC_STRINGS = YES;
				SWIFT_VERSION = 5.0;
				TARGETED_DEVICE_FAMILY = "1,2";
			};
			name = Debug;
		};
		2FC12A4D2963BCA800325539 /* Release */ = {
			isa = XCBuildConfiguration;
			baseConfigurationReference = 624ECAD744BDD0CD44A14117 /* Pods-NavigationBarBasic.release.xcconfig */;
			buildSettings = {
				ASSETCATALOG_COMPILER_APPICON_NAME = AppIcon;
				ASSETCATALOG_COMPILER_GLOBAL_ACCENT_COLOR_NAME = AccentColor;
				CODE_SIGN_STYLE = Automatic;
				CURRENT_PROJECT_VERSION = 1;
				GENERATE_INFOPLIST_FILE = YES;
				INFOPLIST_FILE = NavigationBarBasic/Info.plist;
				INFOPLIST_KEY_UIApplicationSupportsIndirectInputEvents = YES;
				INFOPLIST_KEY_UILaunchStoryboardName = LaunchScreen;
				INFOPLIST_KEY_UIMainStoryboardFile = Main;
				INFOPLIST_KEY_UISupportedInterfaceOrientations_iPad = "UIInterfaceOrientationPortrait UIInterfaceOrientationPortraitUpsideDown UIInterfaceOrientationLandscapeLeft UIInterfaceOrientationLandscapeRight";
				INFOPLIST_KEY_UISupportedInterfaceOrientations_iPhone = "UIInterfaceOrientationPortrait UIInterfaceOrientationLandscapeLeft UIInterfaceOrientationLandscapeRight";
				LD_RUNPATH_SEARCH_PATHS = (
					"$(inherited)",
					"@executable_path/Frameworks",
				);
				MARKETING_VERSION = 1.0;
				PRODUCT_BUNDLE_IDENTIFIER = com.yeonsu.NavigationBarBasic;
				PRODUCT_NAME = "$(TARGET_NAME)";
				SWIFT_EMIT_LOC_STRINGS = YES;
				SWIFT_VERSION = 5.0;
				TARGETED_DEVICE_FAMILY = "1,2";
			};
			name = Release;
		};
/* End XCBuildConfiguration section */

/* Begin XCConfigurationList section */
		2FC12A322963BCA700325539 /* Build configuration list for PBXProject "NavigationBarBasic" */ = {
			isa = XCConfigurationList;
			buildConfigurations = (
				2FC12A492963BCA800325539 /* Debug */,
				2FC12A4A2963BCA800325539 /* Release */,
			);
			defaultConfigurationIsVisible = 0;
			defaultConfigurationName = Release;
		};
		2FC12A4B2963BCA800325539 /* Build configuration list for PBXNativeTarget "NavigationBarBasic" */ = {
			isa = XCConfigurationList;
			buildConfigurations = (
				2FC12A4C2963BCA800325539 /* Debug */,
				2FC12A4D2963BCA800325539 /* Release */,
			);
			defaultConfigurationIsVisible = 0;
			defaultConfigurationName = Release;
		};
/* End XCConfigurationList section */
	};
	rootObject = 2FC12A2F2963BCA700325539 /* Project object */;
}
