// !$*UTF8*$!
{
	archiveVersion = 1;
	classes = {
	};
	objectVersion = 56;
	objects = {

/* Begin PBXBuildFile section */
		2FD0408F296D504B00540D09 /* AppDelegate.swift in Sources */ = {isa = PBXBuildFile; fileRef = 2FD0408E296D504B00540D09 /* AppDelegate.swift */; };
		2FD04091296D504B00540D09 /* SceneDelegate.swift in Sources */ = {isa = PBXBuildFile; fileRef = 2FD04090296D504B00540D09 /* SceneDelegate.swift */; };
		2FD04093296D504B00540D09 /* ViewController.swift in Sources */ = {isa = PBXBuildFile; fileRef = 2FD04092296D504B00540D09 /* ViewController.swift */; };
		2FD04096296D504B00540D09 /* Main.storyboard in Resources */ = {isa = PBXBuildFile; fileRef = 2FD04094296D504B00540D09 /* Main.storyboard */; };
		2FD04098296D504C00540D09 /* Assets.xcassets in Resources */ = {isa = PBXBuildFile; fileRef = 2FD04097296D504C00540D09 /* Assets.xcassets */; };
		2FD0409B296D504C00540D09 /* LaunchScreen.storyboard in Resources */ = {isa = PBXBuildFile; fileRef = 2FD04099296D504C00540D09 /* LaunchScreen.storyboard */; };
		2FE14201296E434F004E4DB8 /* GoogleService-Info.plist in Resources */ = {isa = PBXBuildFile; fileRef = 2FE14200296E434F004E4DB8 /* GoogleService-Info.plist */; };
		AAC44C65BC95CDD581FDF21B /* Pods_FirebaseBasic.framework in Frameworks */ = {isa = PBXBuildFile; fileRef = 0B0F8204B20121DFC9936175 /* Pods_FirebaseBasic.framework */; };
/* End PBXBuildFile section */

/* Begin PBXFileReference section */
		0B0F8204B20121DFC9936175 /* Pods_FirebaseBasic.framework */ = {isa = PBXFileReference; explicitFileType = wrapper.framework; includeInIndex = 0; path = Pods_FirebaseBasic.framework; sourceTree = BUILT_PRODUCTS_DIR; };
		2FB148742971638D00C74B8A /* FirebaseBasic.entitlements */ = {isa = PBXFileReference; lastKnownFileType = text.plist.entitlements; path = FirebaseBasic.entitlements; sourceTree = "<group>"; };
		2FD0408B296D504B00540D09 /* FirebaseBasic.app */ = {isa = PBXFileReference; explicitFileType = wrapper.application; includeInIndex = 0; path = FirebaseBasic.app; sourceTree = BUILT_PRODUCTS_DIR; };
		2FD0408E296D504B00540D09 /* AppDelegate.swift */ = {isa = PBXFileReference; lastKnownFileType = sourcecode.swift; path = AppDelegate.swift; sourceTree = "<group>"; };
		2FD04090296D504B00540D09 /* SceneDelegate.swift */ = {isa = PBXFileReference; lastKnownFileType = sourcecode.swift; path = SceneDelegate.swift; sourceTree = "<group>"; };
		2FD04092296D504B00540D09 /* ViewController.swift */ = {isa = PBXFileReference; lastKnownFileType = sourcecode.swift; path = ViewController.swift; sourceTree = "<group>"; };
		2FD04095296D504B00540D09 /* Base */ = {isa = PBXFileReference; lastKnownFileType = file.storyboard; name = Base; path = Base.lproj/Main.storyboard; sourceTree = "<group>"; };
		2FD04097296D504C00540D09 /* Assets.xcassets */ = {isa = PBXFileReference; lastKnownFileType = folder.assetcatalog; path = Assets.xcassets; sourceTree = "<group>"; };
		2FD0409A296D504C00540D09 /* Base */ = {isa = PBXFileReference; lastKnownFileType = file.storyboard; name = Base; path = Base.lproj/LaunchScreen.storyboard; sourceTree = "<group>"; };
		2FD0409C296D504C00540D09 /* Info.plist */ = {isa = PBXFileReference; lastKnownFileType = text.plist.xml; path = Info.plist; sourceTree = "<group>"; };
		2FE14200296E434F004E4DB8 /* GoogleService-Info.plist */ = {isa = PBXFileReference; fileEncoding = 4; lastKnownFileType = text.plist.xml; path = "GoogleService-Info.plist"; sourceTree = "<group>"; };
		6FCA470BD96BFB4A1B9EC427 /* Pods-FirebaseBasic.release.xcconfig */ = {isa = PBXFileReference; includeInIndex = 1; lastKnownFileType = text.xcconfig; name = "Pods-FirebaseBasic.release.xcconfig"; path = "Target Support Files/Pods-FirebaseBasic/Pods-FirebaseBasic.release.xcconfig"; sourceTree = "<group>"; };
		E832161DAD191CFB6ACFBBE5 /* Pods-FirebaseBasic.debug.xcconfig */ = {isa = PBXFileReference; includeInIndex = 1; lastKnownFileType = text.xcconfig; name = "Pods-FirebaseBasic.debug.xcconfig"; path = "Target Support Files/Pods-FirebaseBasic/Pods-FirebaseBasic.debug.xcconfig"; sourceTree = "<group>"; };
/* End PBXFileReference section */

/* Begin PBXFrameworksBuildPhase section */
		2FD04088296D504B00540D09 /* Frameworks */ = {
			isa = PBXFrameworksBuildPhase;
			buildActionMask = 2147483647;
			files = (
				AAC44C65BC95CDD581FDF21B /* Pods_FirebaseBasic.framework in Frameworks */,
			);
			runOnlyForDeploymentPostprocessing = 0;
		};
/* End PBXFrameworksBuildPhase section */

/* Begin PBXGroup section */
		2FD04082296D504B00540D09 = {
			isa = PBXGroup;
			children = (
				2FD0408D296D504B00540D09 /* FirebaseBasic */,
				2FD0408C296D504B00540D09 /* Products */,
				D20B03986D7E370D71242BD2 /* Pods */,
				616886EAFF23098A3AD972C3 /* Frameworks */,
			);
			sourceTree = "<group>";
		};
		2FD0408C296D504B00540D09 /* Products */ = {
			isa = PBXGroup;
			children = (
				2FD0408B296D504B00540D09 /* FirebaseBasic.app */,
			);
			name = Products;
			sourceTree = "<group>";
		};
		2FD0408D296D504B00540D09 /* FirebaseBasic */ = {
			isa = PBXGroup;
			children = (
				2FB148742971638D00C74B8A /* FirebaseBasic.entitlements */,
				2FD0408E296D504B00540D09 /* AppDelegate.swift */,
				2FD04090296D504B00540D09 /* SceneDelegate.swift */,
				2FD04092296D504B00540D09 /* ViewController.swift */,
				2FD04094296D504B00540D09 /* Main.storyboard */,
				2FD04097296D504C00540D09 /* Assets.xcassets */,
				2FD04099296D504C00540D09 /* LaunchScreen.storyboard */,
				2FD0409C296D504C00540D09 /* Info.plist */,
				2FE14200296E434F004E4DB8 /* GoogleService-Info.plist */,
			);
			path = FirebaseBasic;
			sourceTree = "<group>";
		};
		616886EAFF23098A3AD972C3 /* Frameworks */ = {
			isa = PBXGroup;
			children = (
				0B0F8204B20121DFC9936175 /* Pods_FirebaseBasic.framework */,
			);
			name = Frameworks;
			sourceTree = "<group>";
		};
		D20B03986D7E370D71242BD2 /* Pods */ = {
			isa = PBXGroup;
			children = (
				E832161DAD191CFB6ACFBBE5 /* Pods-FirebaseBasic.debug.xcconfig */,
				6FCA470BD96BFB4A1B9EC427 /* Pods-FirebaseBasic.release.xcconfig */,
			);
			path = Pods;
			sourceTree = "<group>";
		};
/* End PBXGroup section */

/* Begin PBXNativeTarget section */
		2FD0408A296D504B00540D09 /* FirebaseBasic */ = {
			isa = PBXNativeTarget;
			buildConfigurationList = 2FD0409F296D504C00540D09 /* Build configuration list for PBXNativeTarget "FirebaseBasic" */;
			buildPhases = (
				FB4C414CB98D31D28C6AA472 /* [CP] Check Pods Manifest.lock */,
				2FD04087296D504B00540D09 /* Sources */,
				2FD04088296D504B00540D09 /* Frameworks */,
				2FD04089296D504B00540D09 /* Resources */,
				5C1D0BD63FE72F06E9C75A8F /* [CP] Embed Pods Frameworks */,
			);
			buildRules = (
			);
			dependencies = (
			);
			name = FirebaseBasic;
			productName = FirebaseBasic;
			productReference = 2FD0408B296D504B00540D09 /* FirebaseBasic.app */;
			productType = "com.apple.product-type.application";
		};
/* End PBXNativeTarget section */

/* Begin PBXProject section */
		2FD04083296D504B00540D09 /* Project object */ = {
			isa = PBXProject;
			attributes = {
				BuildIndependentTargetsInParallel = 1;
				LastSwiftUpdateCheck = 1400;
				LastUpgradeCheck = 1400;
				TargetAttributes = {
					2FD0408A296D504B00540D09 = {
						CreatedOnToolsVersion = 14.0;
					};
				};
			};
			buildConfigurationList = 2FD04086296D504B00540D09 /* Build configuration list for PBXProject "FirebaseBasic" */;
			compatibilityVersion = "Xcode 14.0";
			developmentRegion = en;
			hasScannedForEncodings = 0;
			knownRegions = (
				en,
				Base,
			);
			mainGroup = 2FD04082296D504B00540D09;
			productRefGroup = 2FD0408C296D504B00540D09 /* Products */;
			projectDirPath = "";
			projectRoot = "";
			targets = (
				2FD0408A296D504B00540D09 /* FirebaseBasic */,
			);
		};
/* End PBXProject section */

/* Begin PBXResourcesBuildPhase section */
		2FD04089296D504B00540D09 /* Resources */ = {
			isa = PBXResourcesBuildPhase;
			buildActionMask = 2147483647;
			files = (
				2FD0409B296D504C00540D09 /* LaunchScreen.storyboard in Resources */,
				2FE14201296E434F004E4DB8 /* GoogleService-Info.plist in Resources */,
				2FD04098296D504C00540D09 /* Assets.xcassets in Resources */,
				2FD04096296D504B00540D09 /* Main.storyboard in Resources */,
			);
			runOnlyForDeploymentPostprocessing = 0;
		};
/* End PBXResourcesBuildPhase section */

/* Begin PBXShellScriptBuildPhase section */
		5C1D0BD63FE72F06E9C75A8F /* [CP] Embed Pods Frameworks */ = {
			isa = PBXShellScriptBuildPhase;
			buildActionMask = 2147483647;
			files = (
			);
			inputFileListPaths = (
				"${PODS_ROOT}/Target Support Files/Pods-FirebaseBasic/Pods-FirebaseBasic-frameworks-${CONFIGURATION}-input-files.xcfilelist",
			);
			name = "[CP] Embed Pods Frameworks";
			outputFileListPaths = (
				"${PODS_ROOT}/Target Support Files/Pods-FirebaseBasic/Pods-FirebaseBasic-frameworks-${CONFIGURATION}-output-files.xcfilelist",
			);
			runOnlyForDeploymentPostprocessing = 0;
			shellPath = /bin/sh;
			shellScript = "\"${PODS_ROOT}/Target Support Files/Pods-FirebaseBasic/Pods-FirebaseBasic-frameworks.sh\"\n";
			showEnvVarsInLog = 0;
		};
		FB4C414CB98D31D28C6AA472 /* [CP] Check Pods Manifest.lock */ = {
			isa = PBXShellScriptBuildPhase;
			buildActionMask = 2147483647;
			files = (
			);
			inputFileListPaths = (
			);
			inputPaths = (
				"${PODS_PODFILE_DIR_PATH}/Podfile.lock",
				"${PODS_ROOT}/Manifest.lock",
			);
			name = "[CP] Check Pods Manifest.lock";
			outputFileListPaths = (
			);
			outputPaths = (
				"$(DERIVED_FILE_DIR)/Pods-FirebaseBasic-checkManifestLockResult.txt",
			);
			runOnlyForDeploymentPostprocessing = 0;
			shellPath = /bin/sh;
			shellScript = "diff \"${PODS_PODFILE_DIR_PATH}/Podfile.lock\" \"${PODS_ROOT}/Manifest.lock\" > /dev/null\nif [ $? != 0 ] ; then\n    # print error to STDERR\n    echo \"error: The sandbox is not in sync with the Podfile.lock. Run 'pod install' or update your CocoaPods installation.\" >&2\n    exit 1\nfi\n# This output is used by Xcode 'outputs' to avoid re-running this script phase.\necho \"SUCCESS\" > \"${SCRIPT_OUTPUT_FILE_0}\"\n";
			showEnvVarsInLog = 0;
		};
/* End PBXShellScriptBuildPhase section */

/* Begin PBXSourcesBuildPhase section */
		2FD04087296D504B00540D09 /* Sources */ = {
			isa = PBXSourcesBuildPhase;
			buildActionMask = 2147483647;
			files = (
				2FD04093296D504B00540D09 /* ViewController.swift in Sources */,
				2FD0408F296D504B00540D09 /* AppDelegate.swift in Sources */,
				2FD04091296D504B00540D09 /* SceneDelegate.swift in Sources */,
			);
			runOnlyForDeploymentPostprocessing = 0;
		};
/* End PBXSourcesBuildPhase section */

/* Begin PBXVariantGroup section */
		2FD04094296D504B00540D09 /* Main.storyboard */ = {
			isa = PBXVariantGroup;
			children = (
				2FD04095296D504B00540D09 /* Base */,
			);
			name = Main.storyboard;
			sourceTree = "<group>";
		};
		2FD04099296D504C00540D09 /* LaunchScreen.storyboard */ = {
			isa = PBXVariantGroup;
			children = (
				2FD0409A296D504C00540D09 /* Base */,
			);
			name = LaunchScreen.storyboard;
			sourceTree = "<group>";
		};
/* End PBXVariantGroup section */

/* Begin XCBuildConfiguration section */
		2FD0409D296D504C00540D09 /* Debug */ = {
			isa = XCBuildConfiguration;
			buildSettings = {
				ALWAYS_SEARCH_USER_PATHS = NO;
				CLANG_ANALYZER_NONNULL = YES;
				CLANG_ANALYZER_NUMBER_OBJECT_CONVERSION = YES_AGGRESSIVE;
				CLANG_CXX_LANGUAGE_STANDARD = "gnu++20";
				CLANG_ENABLE_MODULES = YES;
				CLANG_ENABLE_OBJC_ARC = YES;
				CLANG_ENABLE_OBJC_WEAK = YES;
				CLANG_WARN_BLOCK_CAPTURE_AUTORELEASING = YES;
				CLANG_WARN_BOOL_CONVERSION = YES;
				CLANG_WARN_COMMA = YES;
				CLANG_WARN_CONSTANT_CONVERSION = YES;
				CLANG_WARN_DEPRECATED_OBJC_IMPLEMENTATIONS = YES;
				CLANG_WARN_DIRECT_OBJC_ISA_USAGE = YES_ERROR;
				CLANG_WARN_DOCUMENTATION_COMMENTS = YES;
				CLANG_WARN_EMPTY_BODY = YES;
				CLANG_WARN_ENUM_CONVERSION = YES;
				CLANG_WARN_INFINITE_RECURSION = YES;
				CLANG_WARN_INT_CONVERSION = YES;
				CLANG_WARN_NON_LITERAL_NULL_CONVERSION = YES;
				CLANG_WARN_OBJC_IMPLICIT_RETAIN_SELF = YES;
				CLANG_WARN_OBJC_LITERAL_CONVERSION = YES;
				CLANG_WARN_OBJC_ROOT_CLASS = YES_ERROR;
				CLANG_WARN_QUOTED_INCLUDE_IN_FRAMEWORK_HEADER = YES;
				CLANG_WARN_RANGE_LOOP_ANALYSIS = YES;
				CLANG_WARN_STRICT_PROTOTYPES = YES;
				CLANG_WARN_SUSPICIOUS_MOVE = YES;
				CLANG_WARN_UNGUARDED_AVAILABILITY = YES_AGGRESSIVE;
				CLANG_WARN_UNREACHABLE_CODE = YES;
				CLANG_WARN__DUPLICATE_METHOD_MATCH = YES;
				COPY_PHASE_STRIP = NO;
				DEBUG_INFORMATION_FORMAT = dwarf;
				ENABLE_STRICT_OBJC_MSGSEND = YES;
				ENABLE_TESTABILITY = YES;
				GCC_C_LANGUAGE_STANDARD = gnu11;
				GCC_DYNAMIC_NO_PIC = NO;
				GCC_NO_COMMON_BLOCKS = YES;
				GCC_OPTIMIZATION_LEVEL = 0;
				GCC_PREPROCESSOR_DEFINITIONS = (
					"DEBUG=1",
					"$(inherited)",
				);
				GCC_WARN_64_TO_32_BIT_CONVERSION = YES;
				GCC_WARN_ABOUT_RETURN_TYPE = YES_ERROR;
				GCC_WARN_UNDECLARED_SELECTOR = YES;
				GCC_WARN_UNINITIALIZED_AUTOS = YES_AGGRESSIVE;
				GCC_WARN_UNUSED_FUNCTION = YES;
				GCC_WARN_UNUSED_VARIABLE = YES;
				IPHONEOS_DEPLOYMENT_TARGET = 16.0;
				MTL_ENABLE_DEBUG_INFO = INCLUDE_SOURCE;
				MTL_FAST_MATH = YES;
				ONLY_ACTIVE_ARCH = YES;
				SDKROOT = iphoneos;
				SWIFT_ACTIVE_COMPILATION_CONDITIONS = DEBUG;
				SWIFT_OPTIMIZATION_LEVEL = "-Onone";
			};
			name = Debug;
		};
		2FD0409E296D504C00540D09 /* Release */ = {
			isa = XCBuildConfiguration;
			buildSettings = {
				ALWAYS_SEARCH_USER_PATHS = NO;
				CLANG_ANALYZER_NONNULL = YES;
				CLANG_ANALYZER_NUMBER_OBJECT_CONVERSION = YES_AGGRESSIVE;
				CLANG_CXX_LANGUAGE_STANDARD = "gnu++20";
				CLANG_ENABLE_MODULES = YES;
				CLANG_ENABLE_OBJC_ARC = YES;
				CLANG_ENABLE_OBJC_WEAK = YES;
				CLANG_WARN_BLOCK_CAPTURE_AUTORELEASING = YES;
				CLANG_WARN_BOOL_CONVERSION = YES;
				CLANG_WARN_COMMA = YES;
				CLANG_WARN_CONSTANT_CONVERSION = YES;
				CLANG_WARN_DEPRECATED_OBJC_IMPLEMENTATIONS = YES;
				CLANG_WARN_DIRECT_OBJC_ISA_USAGE = YES_ERROR;
				CLANG_WARN_DOCUMENTATION_COMMENTS = YES;
				CLANG_WARN_EMPTY_BODY = YES;
				CLANG_WARN_ENUM_CONVERSION = YES;
				CLANG_WARN_INFINITE_RECURSION = YES;
				CLANG_WARN_INT_CONVERSION = YES;
				CLANG_WARN_NON_LITERAL_NULL_CONVERSION = YES;
				CLANG_WARN_OBJC_IMPLICIT_RETAIN_SELF = YES;
				CLANG_WARN_OBJC_LITERAL_CONVERSION = YES;
				CLANG_WARN_OBJC_ROOT_CLASS = YES_ERROR;
				CLANG_WARN_QUOTED_INCLUDE_IN_FRAMEWORK_HEADER = YES;
				CLANG_WARN_RANGE_LOOP_ANALYSIS = YES;
				CLANG_WARN_STRICT_PROTOTYPES = YES;
				CLANG_WARN_SUSPICIOUS_MOVE = YES;
				CLANG_WARN_UNGUARDED_AVAILABILITY = YES_AGGRESSIVE;
				CLANG_WARN_UNREACHABLE_CODE = YES;
				CLANG_WARN__DUPLICATE_METHOD_MATCH = YES;
				COPY_PHASE_STRIP = NO;
				DEBUG_INFORMATION_FORMAT = "dwarf-with-dsym";
				ENABLE_NS_ASSERTIONS = NO;
				ENABLE_STRICT_OBJC_MSGSEND = YES;
				GCC_C_LANGUAGE_STANDARD = gnu11;
				GCC_NO_COMMON_BLOCKS = YES;
				GCC_WARN_64_TO_32_BIT_CONVERSION = YES;
				GCC_WARN_ABOUT_RETURN_TYPE = YES_ERROR;
				GCC_WARN_UNDECLARED_SELECTOR = YES;
				GCC_WARN_UNINITIALIZED_AUTOS = YES_AGGRESSIVE;
				GCC_WARN_UNUSED_FUNCTION = YES;
				GCC_WARN_UNUSED_VARIABLE = YES;
				IPHONEOS_DEPLOYMENT_TARGET = 16.0;
				MTL_ENABLE_DEBUG_INFO = NO;
				MTL_FAST_MATH = YES;
				SDKROOT = iphoneos;
				SWIFT_COMPILATION_MODE = wholemodule;
				SWIFT_OPTIMIZATION_LEVEL = "-O";
				VALIDATE_PRODUCT = YES;
			};
			name = Release;
		};
		2FD040A0296D504C00540D09 /* Debug */ = {
			isa = XCBuildConfiguration;
			baseConfigurationReference = E832161DAD191CFB6ACFBBE5 /* Pods-FirebaseBasic.debug.xcconfig */;
			buildSettings = {
				ASSETCATALOG_COMPILER_APPICON_NAME = AppIcon;
				ASSETCATALOG_COMPILER_GLOBAL_ACCENT_COLOR_NAME = AccentColor;
				CODE_SIGN_ENTITLEMENTS = FirebaseBasic/FirebaseBasic.entitlements;
				CODE_SIGN_STYLE = Automatic;
				CURRENT_PROJECT_VERSION = 1;
				GENERATE_INFOPLIST_FILE = YES;
				INFOPLIST_FILE = FirebaseBasic/Info.plist;
				INFOPLIST_KEY_UIApplicationSupportsIndirectInputEvents = YES;
				INFOPLIST_KEY_UILaunchStoryboardName = LaunchScreen;
				INFOPLIST_KEY_UIMainStoryboardFile = Main;
				INFOPLIST_KEY_UISupportedInterfaceOrientations_iPad = "UIInterfaceOrientationPortrait UIInterfaceOrientationPortraitUpsideDown UIInterfaceOrientationLandscapeLeft UIInterfaceOrientationLandscapeRight";
				INFOPLIST_KEY_UISupportedInterfaceOrientations_iPhone = "UIInterfaceOrientationPortrait UIInterfaceOrientationLandscapeLeft UIInterfaceOrientationLandscapeRight";
				LD_RUNPATH_SEARCH_PATHS = (
					"$(inherited)",
					"@executable_path/Frameworks",
				);
				MARKETING_VERSION = 1.0;
				PRODUCT_BUNDLE_IDENTIFIER = com.yeonsu.FirebaseBasic;
				PRODUCT_NAME = "$(TARGET_NAME)";
				SWIFT_EMIT_LOC_STRINGS = YES;
				SWIFT_VERSION = 5.0;
				TARGETED_DEVICE_FAMILY = "1,2";
			};
			name = Debug;
		};
		2FD040A1296D504C00540D09 /* Release */ = {
			isa = XCBuildConfiguration;
			baseConfigurationReference = 6FCA470BD96BFB4A1B9EC427 /* Pods-FirebaseBasic.release.xcconfig */;
			buildSettings = {
				ASSETCATALOG_COMPILER_APPICON_NAME = AppIcon;
				ASSETCATALOG_COMPILER_GLOBAL_ACCENT_COLOR_NAME = AccentColor;
				CODE_SIGN_ENTITLEMENTS = FirebaseBasic/FirebaseBasic.entitlements;
				CODE_SIGN_STYLE = Automatic;
				CURRENT_PROJECT_VERSION = 1;
				GENERATE_INFOPLIST_FILE = YES;
				INFOPLIST_FILE = FirebaseBasic/Info.plist;
				INFOPLIST_KEY_UIApplicationSupportsIndirectInputEvents = YES;
				INFOPLIST_KEY_UILaunchStoryboardName = LaunchScreen;
				INFOPLIST_KEY_UIMainStoryboardFile = Main;
				INFOPLIST_KEY_UISupportedInterfaceOrientations_iPad = "UIInterfaceOrientationPortrait UIInterfaceOrientationPortraitUpsideDown UIInterfaceOrientationLandscapeLeft UIInterfaceOrientationLandscapeRight";
				INFOPLIST_KEY_UISupportedInterfaceOrientations_iPhone = "UIInterfaceOrientationPortrait UIInterfaceOrientationLandscapeLeft UIInterfaceOrientationLandscapeRight";
				LD_RUNPATH_SEARCH_PATHS = (
					"$(inherited)",
					"@executable_path/Frameworks",
				);
				MARKETING_VERSION = 1.0;
				PRODUCT_BUNDLE_IDENTIFIER = com.yeonsu.FirebaseBasic;
				PRODUCT_NAME = "$(TARGET_NAME)";
				SWIFT_EMIT_LOC_STRINGS = YES;
				SWIFT_VERSION = 5.0;
				TARGETED_DEVICE_FAMILY = "1,2";
			};
			name = Release;
		};
/* End XCBuildConfiguration section */

/* Begin XCConfigurationList section */
		2FD04086296D504B00540D09 /* Build configuration list for PBXProject "FirebaseBasic" */ = {
			isa = XCConfigurationList;
			buildConfigurations = (
				2FD0409D296D504C00540D09 /* Debug */,
				2FD0409E296D504C00540D09 /* Release */,
			);
			defaultConfigurationIsVisible = 0;
			defaultConfigurationName = Release;
		};
		2FD0409F296D504C00540D09 /* Build configuration list for PBXNativeTarget "FirebaseBasic" */ = {
			isa = XCConfigurationList;
			buildConfigurations = (
				2FD040A0296D504C00540D09 /* Debug */,
				2FD040A1296D504C00540D09 /* Release */,
			);
			defaultConfigurationIsVisible = 0;
			defaultConfigurationName = Release;
		};
/* End XCConfigurationList section */
	};
	rootObject = 2FD04083296D504B00540D09 /* Project object */;
}
