// !$*UTF8*$!
{
	archiveVersion = 1;
	classes = {
	};
	objectVersion = 56;
	objects = {

/* Begin PBXBuildFile section */
		2FEBA21E295B4C3F006C7D1C /* AppDelegate.swift in Sources */ = {isa = PBXBuildFile; fileRef = 2FEBA21D295B4C3F006C7D1C /* AppDelegate.swift */; };
		2FEBA220295B4C3F006C7D1C /* SceneDelegate.swift in Sources */ = {isa = PBXBuildFile; fileRef = 2FEBA21F295B4C3F006C7D1C /* SceneDelegate.swift */; };
		2FEBA222295B4C3F006C7D1C /* ViewController.swift in Sources */ = {isa = PBXBuildFile; fileRef = 2FEBA221295B4C3F006C7D1C /* ViewController.swift */; };
		2FEBA225295B4C3F006C7D1C /* Main.storyboard in Resources */ = {isa = PBXBuildFile; fileRef = 2FEBA223295B4C3F006C7D1C /* Main.storyboard */; };
		2FEBA227295B4C40006C7D1C /* Assets.xcassets in Resources */ = {isa = PBXBuildFile; fileRef = 2FEBA226295B4C40006C7D1C /* Assets.xcassets */; };
		2FEBA22A295B4C40006C7D1C /* LaunchScreen.storyboard in Resources */ = {isa = PBXBuildFile; fileRef = 2FEBA228295B4C40006C7D1C /* LaunchScreen.storyboard */; };
		2FEBA232295B4FCF006C7D1C /* LottoCell.swift in Sources */ = {isa = PBXBuildFile; fileRef = 2FEBA231295B4FCF006C7D1C /* LottoCell.swift */; };
		CF66EDFE5E4B78622ACC1939 /* Pods_Lotto_draw.framework in Frameworks */ = {isa = PBXBuildFile; fileRef = BC31BF5500770C0D1AB6F27E /* Pods_Lotto_draw.framework */; };
/* End PBXBuildFile section */

/* Begin PBXFileReference section */
		0BF900E9E53FC69EF1C6D247 /* Pods-Lotto-draw.release.xcconfig */ = {isa = PBXFileReference; includeInIndex = 1; lastKnownFileType = text.xcconfig; name = "Pods-Lotto-draw.release.xcconfig"; path = "Target Support Files/Pods-Lotto-draw/Pods-Lotto-draw.release.xcconfig"; sourceTree = "<group>"; };
		2FEBA21A295B4C3F006C7D1C /* Lotto-draw.app */ = {isa = PBXFileReference; explicitFileType = wrapper.application; includeInIndex = 0; path = "Lotto-draw.app"; sourceTree = BUILT_PRODUCTS_DIR; };
		2FEBA21D295B4C3F006C7D1C /* AppDelegate.swift */ = {isa = PBXFileReference; lastKnownFileType = sourcecode.swift; path = AppDelegate.swift; sourceTree = "<group>"; };
		2FEBA21F295B4C3F006C7D1C /* SceneDelegate.swift */ = {isa = PBXFileReference; lastKnownFileType = sourcecode.swift; path = SceneDelegate.swift; sourceTree = "<group>"; };
		2FEBA221295B4C3F006C7D1C /* ViewController.swift */ = {isa = PBXFileReference; lastKnownFileType = sourcecode.swift; path = ViewController.swift; sourceTree = "<group>"; };
		2FEBA224295B4C3F006C7D1C /* Base */ = {isa = PBXFileReference; lastKnownFileType = file.storyboard; name = Base; path = Base.lproj/Main.storyboard; sourceTree = "<group>"; };
		2FEBA226295B4C40006C7D1C /* Assets.xcassets */ = {isa = PBXFileReference; lastKnownFileType = folder.assetcatalog; path = Assets.xcassets; sourceTree = "<group>"; };
		2FEBA229295B4C40006C7D1C /* Base */ = {isa = PBXFileReference; lastKnownFileType = file.storyboard; name = Base; path = Base.lproj/LaunchScreen.storyboard; sourceTree = "<group>"; };
		2FEBA22B295B4C40006C7D1C /* Info.plist */ = {isa = PBXFileReference; lastKnownFileType = text.plist.xml; path = Info.plist; sourceTree = "<group>"; };
		2FEBA231295B4FCF006C7D1C /* LottoCell.swift */ = {isa = PBXFileReference; lastKnownFileType = sourcecode.swift; path = LottoCell.swift; sourceTree = "<group>"; };
		BC31BF5500770C0D1AB6F27E /* Pods_Lotto_draw.framework */ = {isa = PBXFileReference; explicitFileType = wrapper.framework; includeInIndex = 0; path = Pods_Lotto_draw.framework; sourceTree = BUILT_PRODUCTS_DIR; };
		DA714726961AC145D7FC0C18 /* Pods-Lotto-draw.debug.xcconfig */ = {isa = PBXFileReference; includeInIndex = 1; lastKnownFileType = text.xcconfig; name = "Pods-Lotto-draw.debug.xcconfig"; path = "Target Support Files/Pods-Lotto-draw/Pods-Lotto-draw.debug.xcconfig"; sourceTree = "<group>"; };
/* End PBXFileReference section */

/* Begin PBXFrameworksBuildPhase section */
		2FEBA217295B4C3F006C7D1C /* Frameworks */ = {
			isa = PBXFrameworksBuildPhase;
			buildActionMask = 2147483647;
			files = (
				CF66EDFE5E4B78622ACC1939 /* Pods_Lotto_draw.framework in Frameworks */,
			);
			runOnlyForDeploymentPostprocessing = 0;
		};
/* End PBXFrameworksBuildPhase section */

/* Begin PBXGroup section */
		2C29B1681C338FC2C05B204F /* Pods */ = {
			isa = PBXGroup;
			children = (
				DA714726961AC145D7FC0C18 /* Pods-Lotto-draw.debug.xcconfig */,
				0BF900E9E53FC69EF1C6D247 /* Pods-Lotto-draw.release.xcconfig */,
			);
			path = Pods;
			sourceTree = "<group>";
		};
		2FEBA211295B4C3F006C7D1C = {
			isa = PBXGroup;
			children = (
				2FEBA21C295B4C3F006C7D1C /* Lotto-draw */,
				2FEBA21B295B4C3F006C7D1C /* Products */,
				2C29B1681C338FC2C05B204F /* Pods */,
				77FD9FD6C63E96A16D0DF4B0 /* Frameworks */,
			);
			sourceTree = "<group>";
		};
		2FEBA21B295B4C3F006C7D1C /* Products */ = {
			isa = PBXGroup;
			children = (
				2FEBA21A295B4C3F006C7D1C /* Lotto-draw.app */,
			);
			name = Products;
			sourceTree = "<group>";
		};
		2FEBA21C295B4C3F006C7D1C /* Lotto-draw */ = {
			isa = PBXGroup;
			children = (
				2FEBA21D295B4C3F006C7D1C /* AppDelegate.swift */,
				2FEBA21F295B4C3F006C7D1C /* SceneDelegate.swift */,
				2FEBA221295B4C3F006C7D1C /* ViewController.swift */,
				2FEBA223295B4C3F006C7D1C /* Main.storyboard */,
				2FEBA226295B4C40006C7D1C /* Assets.xcassets */,
				2FEBA228295B4C40006C7D1C /* LaunchScreen.storyboard */,
				2FEBA22B295B4C40006C7D1C /* Info.plist */,
				2FEBA231295B4FCF006C7D1C /* LottoCell.swift */,
			);
			path = "Lotto-draw";
			sourceTree = "<group>";
		};
		77FD9FD6C63E96A16D0DF4B0 /* Frameworks */ = {
			isa = PBXGroup;
			children = (
				BC31BF5500770C0D1AB6F27E /* Pods_Lotto_draw.framework */,
			);
			name = Frameworks;
			sourceTree = "<group>";
		};
/* End PBXGroup section */

/* Begin PBXNativeTarget section */
		2FEBA219295B4C3F006C7D1C /* Lotto-draw */ = {
			isa = PBXNativeTarget;
			buildConfigurationList = 2FEBA22E295B4C40006C7D1C /* Build configuration list for PBXNativeTarget "Lotto-draw" */;
			buildPhases = (
				CE25836874339E41DA266D7E /* [CP] Check Pods Manifest.lock */,
				2FEBA216295B4C3F006C7D1C /* Sources */,
				2FEBA217295B4C3F006C7D1C /* Frameworks */,
				2FEBA218295B4C3F006C7D1C /* Resources */,
				224126CCB0CF1FC4BD753F49 /* [CP] Embed Pods Frameworks */,
			);
			buildRules = (
			);
			dependencies = (
			);
			name = "Lotto-draw";
			productName = "Lotto-draw";
			productReference = 2FEBA21A295B4C3F006C7D1C /* Lotto-draw.app */;
			productType = "com.apple.product-type.application";
		};
/* End PBXNativeTarget section */

/* Begin PBXProject section */
		2FEBA212295B4C3F006C7D1C /* Project object */ = {
			isa = PBXProject;
			attributes = {
				BuildIndependentTargetsInParallel = 1;
				LastSwiftUpdateCheck = 1400;
				LastUpgradeCheck = 1400;
				TargetAttributes = {
					2FEBA219295B4C3F006C7D1C = {
						CreatedOnToolsVersion = 14.0;
					};
				};
			};
			buildConfigurationList = 2FEBA215295B4C3F006C7D1C /* Build configuration list for PBXProject "Lotto-draw" */;
			compatibilityVersion = "Xcode 14.0";
			developmentRegion = en;
			hasScannedForEncodings = 0;
			knownRegions = (
				en,
				Base,
			);
			mainGroup = 2FEBA211295B4C3F006C7D1C;
			productRefGroup = 2FEBA21B295B4C3F006C7D1C /* Products */;
			projectDirPath = "";
			projectRoot = "";
			targets = (
				2FEBA219295B4C3F006C7D1C /* Lotto-draw */,
			);
		};
/* End PBXProject section */

/* Begin PBXResourcesBuildPhase section */
		2FEBA218295B4C3F006C7D1C /* Resources */ = {
			isa = PBXResourcesBuildPhase;
			buildActionMask = 2147483647;
			files = (
				2FEBA22A295B4C40006C7D1C /* LaunchScreen.storyboard in Resources */,
				2FEBA227295B4C40006C7D1C /* Assets.xcassets in Resources */,
				2FEBA225295B4C3F006C7D1C /* Main.storyboard in Resources */,
			);
			runOnlyForDeploymentPostprocessing = 0;
		};
/* End PBXResourcesBuildPhase section */

/* Begin PBXShellScriptBuildPhase section */
		224126CCB0CF1FC4BD753F49 /* [CP] Embed Pods Frameworks */ = {
			isa = PBXShellScriptBuildPhase;
			buildActionMask = 2147483647;
			files = (
			);
			inputFileListPaths = (
				"${PODS_ROOT}/Target Support Files/Pods-Lotto-draw/Pods-Lotto-draw-frameworks-${CONFIGURATION}-input-files.xcfilelist",
			);
			name = "[CP] Embed Pods Frameworks";
			outputFileListPaths = (
				"${PODS_ROOT}/Target Support Files/Pods-Lotto-draw/Pods-Lotto-draw-frameworks-${CONFIGURATION}-output-files.xcfilelist",
			);
			runOnlyForDeploymentPostprocessing = 0;
			shellPath = /bin/sh;
			shellScript = "\"${PODS_ROOT}/Target Support Files/Pods-Lotto-draw/Pods-Lotto-draw-frameworks.sh\"\n";
			showEnvVarsInLog = 0;
		};
		CE25836874339E41DA266D7E /* [CP] Check Pods Manifest.lock */ = {
			isa = PBXShellScriptBuildPhase;
			buildActionMask = 2147483647;
			files = (
			);
			inputFileListPaths = (
			);
			inputPaths = (
				"${PODS_PODFILE_DIR_PATH}/Podfile.lock",
				"${PODS_ROOT}/Manifest.lock",
			);
			name = "[CP] Check Pods Manifest.lock";
			outputFileListPaths = (
			);
			outputPaths = (
				"$(DERIVED_FILE_DIR)/Pods-Lotto-draw-checkManifestLockResult.txt",
			);
			runOnlyForDeploymentPostprocessing = 0;
			shellPath = /bin/sh;
			shellScript = "diff \"${PODS_PODFILE_DIR_PATH}/Podfile.lock\" \"${PODS_ROOT}/Manifest.lock\" > /dev/null\nif [ $? != 0 ] ; then\n    # print error to STDERR\n    echo \"error: The sandbox is not in sync with the Podfile.lock. Run 'pod install' or update your CocoaPods installation.\" >&2\n    exit 1\nfi\n# This output is used by Xcode 'outputs' to avoid re-running this script phase.\necho \"SUCCESS\" > \"${SCRIPT_OUTPUT_FILE_0}\"\n";
			showEnvVarsInLog = 0;
		};
/* End PBXShellScriptBuildPhase section */

/* Begin PBXSourcesBuildPhase section */
		2FEBA216295B4C3F006C7D1C /* Sources */ = {
			isa = PBXSourcesBuildPhase;
			buildActionMask = 2147483647;
			files = (
				2FEBA232295B4FCF006C7D1C /* LottoCell.swift in Sources */,
				2FEBA222295B4C3F006C7D1C /* ViewController.swift in Sources */,
				2FEBA21E295B4C3F006C7D1C /* AppDelegate.swift in Sources */,
				2FEBA220295B4C3F006C7D1C /* SceneDelegate.swift in Sources */,
			);
			runOnlyForDeploymentPostprocessing = 0;
		};
/* End PBXSourcesBuildPhase section */

/* Begin PBXVariantGroup section */
		2FEBA223295B4C3F006C7D1C /* Main.storyboard */ = {
			isa = PBXVariantGroup;
			children = (
				2FEBA224295B4C3F006C7D1C /* Base */,
			);
			name = Main.storyboard;
			sourceTree = "<group>";
		};
		2FEBA228295B4C40006C7D1C /* LaunchScreen.storyboard */ = {
			isa = PBXVariantGroup;
			children = (
				2FEBA229295B4C40006C7D1C /* Base */,
			);
			name = LaunchScreen.storyboard;
			sourceTree = "<group>";
		};
/* End PBXVariantGroup section */

/* Begin XCBuildConfiguration section */
		2FEBA22C295B4C40006C7D1C /* Debug */ = {
			isa = XCBuildConfiguration;
			buildSettings = {
				ALWAYS_SEARCH_USER_PATHS = NO;
				CLANG_ANALYZER_NONNULL = YES;
				CLANG_ANALYZER_NUMBER_OBJECT_CONVERSION = YES_AGGRESSIVE;
				CLANG_CXX_LANGUAGE_STANDARD = "gnu++20";
				CLANG_ENABLE_MODULES = YES;
				CLANG_ENABLE_OBJC_ARC = YES;
				CLANG_ENABLE_OBJC_WEAK = YES;
				CLANG_WARN_BLOCK_CAPTURE_AUTORELEASING = YES;
				CLANG_WARN_BOOL_CONVERSION = YES;
				CLANG_WARN_COMMA = YES;
				CLANG_WARN_CONSTANT_CONVERSION = YES;
				CLANG_WARN_DEPRECATED_OBJC_IMPLEMENTATIONS = YES;
				CLANG_WARN_DIRECT_OBJC_ISA_USAGE = YES_ERROR;
				CLANG_WARN_DOCUMENTATION_COMMENTS = YES;
				CLANG_WARN_EMPTY_BODY = YES;
				CLANG_WARN_ENUM_CONVERSION = YES;
				CLANG_WARN_INFINITE_RECURSION = YES;
				CLANG_WARN_INT_CONVERSION = YES;
				CLANG_WARN_NON_LITERAL_NULL_CONVERSION = YES;
				CLANG_WARN_OBJC_IMPLICIT_RETAIN_SELF = YES;
				CLANG_WARN_OBJC_LITERAL_CONVERSION = YES;
				CLANG_WARN_OBJC_ROOT_CLASS = YES_ERROR;
				CLANG_WARN_QUOTED_INCLUDE_IN_FRAMEWORK_HEADER = YES;
				CLANG_WARN_RANGE_LOOP_ANALYSIS = YES;
				CLANG_WARN_STRICT_PROTOTYPES = YES;
				CLANG_WARN_SUSPICIOUS_MOVE = YES;
				CLANG_WARN_UNGUARDED_AVAILABILITY = YES_AGGRESSIVE;
				CLANG_WARN_UNREACHABLE_CODE = YES;
				CLANG_WARN__DUPLICATE_METHOD_MATCH = YES;
				COPY_PHASE_STRIP = NO;
				DEBUG_INFORMATION_FORMAT = dwarf;
				ENABLE_STRICT_OBJC_MSGSEND = YES;
				ENABLE_TESTABILITY = YES;
				GCC_C_LANGUAGE_STANDARD = gnu11;
				GCC_DYNAMIC_NO_PIC = NO;
				GCC_NO_COMMON_BLOCKS = YES;
				GCC_OPTIMIZATION_LEVEL = 0;
				GCC_PREPROCESSOR_DEFINITIONS = (
					"DEBUG=1",
					"$(inherited)",
				);
				GCC_WARN_64_TO_32_BIT_CONVERSION = YES;
				GCC_WARN_ABOUT_RETURN_TYPE = YES_ERROR;
				GCC_WARN_UNDECLARED_SELECTOR = YES;
				GCC_WARN_UNINITIALIZED_AUTOS = YES_AGGRESSIVE;
				GCC_WARN_UNUSED_FUNCTION = YES;
				GCC_WARN_UNUSED_VARIABLE = YES;
				IPHONEOS_DEPLOYMENT_TARGET = 16.0;
				MTL_ENABLE_DEBUG_INFO = INCLUDE_SOURCE;
				MTL_FAST_MATH = YES;
				ONLY_ACTIVE_ARCH = YES;
				SDKROOT = iphoneos;
				SWIFT_ACTIVE_COMPILATION_CONDITIONS = DEBUG;
				SWIFT_OPTIMIZATION_LEVEL = "-Onone";
			};
			name = Debug;
		};
		2FEBA22D295B4C40006C7D1C /* Release */ = {
			isa = XCBuildConfiguration;
			buildSettings = {
				ALWAYS_SEARCH_USER_PATHS = NO;
				CLANG_ANALYZER_NONNULL = YES;
				CLANG_ANALYZER_NUMBER_OBJECT_CONVERSION = YES_AGGRESSIVE;
				CLANG_CXX_LANGUAGE_STANDARD = "gnu++20";
				CLANG_ENABLE_MODULES = YES;
				CLANG_ENABLE_OBJC_ARC = YES;
				CLANG_ENABLE_OBJC_WEAK = YES;
				CLANG_WARN_BLOCK_CAPTURE_AUTORELEASING = YES;
				CLANG_WARN_BOOL_CONVERSION = YES;
				CLANG_WARN_COMMA = YES;
				CLANG_WARN_CONSTANT_CONVERSION = YES;
				CLANG_WARN_DEPRECATED_OBJC_IMPLEMENTATIONS = YES;
				CLANG_WARN_DIRECT_OBJC_ISA_USAGE = YES_ERROR;
				CLANG_WARN_DOCUMENTATION_COMMENTS = YES;
				CLANG_WARN_EMPTY_BODY = YES;
				CLANG_WARN_ENUM_CONVERSION = YES;
				CLANG_WARN_INFINITE_RECURSION = YES;
				CLANG_WARN_INT_CONVERSION = YES;
				CLANG_WARN_NON_LITERAL_NULL_CONVERSION = YES;
				CLANG_WARN_OBJC_IMPLICIT_RETAIN_SELF = YES;
				CLANG_WARN_OBJC_LITERAL_CONVERSION = YES;
				CLANG_WARN_OBJC_ROOT_CLASS = YES_ERROR;
				CLANG_WARN_QUOTED_INCLUDE_IN_FRAMEWORK_HEADER = YES;
				CLANG_WARN_RANGE_LOOP_ANALYSIS = YES;
				CLANG_WARN_STRICT_PROTOTYPES = YES;
				CLANG_WARN_SUSPICIOUS_MOVE = YES;
				CLANG_WARN_UNGUARDED_AVAILABILITY = YES_AGGRESSIVE;
				CLANG_WARN_UNREACHABLE_CODE = YES;
				CLANG_WARN__DUPLICATE_METHOD_MATCH = YES;
				COPY_PHASE_STRIP = NO;
				DEBUG_INFORMATION_FORMAT = "dwarf-with-dsym";
				ENABLE_NS_ASSERTIONS = NO;
				ENABLE_STRICT_OBJC_MSGSEND = YES;
				GCC_C_LANGUAGE_STANDARD = gnu11;
				GCC_NO_COMMON_BLOCKS = YES;
				GCC_WARN_64_TO_32_BIT_CONVERSION = YES;
				GCC_WARN_ABOUT_RETURN_TYPE = YES_ERROR;
				GCC_WARN_UNDECLARED_SELECTOR = YES;
				GCC_WARN_UNINITIALIZED_AUTOS = YES_AGGRESSIVE;
				GCC_WARN_UNUSED_FUNCTION = YES;
				GCC_WARN_UNUSED_VARIABLE = YES;
				IPHONEOS_DEPLOYMENT_TARGET = 16.0;
				MTL_ENABLE_DEBUG_INFO = NO;
				MTL_FAST_MATH = YES;
				SDKROOT = iphoneos;
				SWIFT_COMPILATION_MODE = wholemodule;
				SWIFT_OPTIMIZATION_LEVEL = "-O";
				VALIDATE_PRODUCT = YES;
			};
			name = Release;
		};
		2FEBA22F295B4C40006C7D1C /* Debug */ = {
			isa = XCBuildConfiguration;
			baseConfigurationReference = DA714726961AC145D7FC0C18 /* Pods-Lotto-draw.debug.xcconfig */;
			buildSettings = {
				ASSETCATALOG_COMPILER_APPICON_NAME = AppIcon;
				ASSETCATALOG_COMPILER_GLOBAL_ACCENT_COLOR_NAME = AccentColor;
				CODE_SIGN_STYLE = Automatic;
				CURRENT_PROJECT_VERSION = 1;
				GENERATE_INFOPLIST_FILE = YES;
				INFOPLIST_FILE = "Lotto-draw/Info.plist";
				INFOPLIST_KEY_UIApplicationSupportsIndirectInputEvents = YES;
				INFOPLIST_KEY_UILaunchStoryboardName = LaunchScreen;
				INFOPLIST_KEY_UIMainStoryboardFile = Main;
				INFOPLIST_KEY_UISupportedInterfaceOrientations_iPad = "UIInterfaceOrientationPortrait UIInterfaceOrientationPortraitUpsideDown UIInterfaceOrientationLandscapeLeft UIInterfaceOrientationLandscapeRight";
				INFOPLIST_KEY_UISupportedInterfaceOrientations_iPhone = "UIInterfaceOrientationPortrait UIInterfaceOrientationLandscapeLeft UIInterfaceOrientationLandscapeRight";
				LD_RUNPATH_SEARCH_PATHS = (
					"$(inherited)",
					"@executable_path/Frameworks",
				);
				MARKETING_VERSION = 1.0;
				PRODUCT_BUNDLE_IDENTIFIER = "com.yeonsu.Lotto-draw";
				PRODUCT_NAME = "$(TARGET_NAME)";
				SWIFT_EMIT_LOC_STRINGS = YES;
				SWIFT_VERSION = 5.0;
				TARGETED_DEVICE_FAMILY = "1,2";
			};
			name = Debug;
		};
		2FEBA230295B4C40006C7D1C /* Release */ = {
			isa = XCBuildConfiguration;
			baseConfigurationReference = 0BF900E9E53FC69EF1C6D247 /* Pods-Lotto-draw.release.xcconfig */;
			buildSettings = {
				ASSETCATALOG_COMPILER_APPICON_NAME = AppIcon;
				ASSETCATALOG_COMPILER_GLOBAL_ACCENT_COLOR_NAME = AccentColor;
				CODE_SIGN_STYLE = Automatic;
				CURRENT_PROJECT_VERSION = 1;
				GENERATE_INFOPLIST_FILE = YES;
				INFOPLIST_FILE = "Lotto-draw/Info.plist";
				INFOPLIST_KEY_UIApplicationSupportsIndirectInputEvents = YES;
				INFOPLIST_KEY_UILaunchStoryboardName = LaunchScreen;
				INFOPLIST_KEY_UIMainStoryboardFile = Main;
				INFOPLIST_KEY_UISupportedInterfaceOrientations_iPad = "UIInterfaceOrientationPortrait UIInterfaceOrientationPortraitUpsideDown UIInterfaceOrientationLandscapeLeft UIInterfaceOrientationLandscapeRight";
				INFOPLIST_KEY_UISupportedInterfaceOrientations_iPhone = "UIInterfaceOrientationPortrait UIInterfaceOrientationLandscapeLeft UIInterfaceOrientationLandscapeRight";
				LD_RUNPATH_SEARCH_PATHS = (
					"$(inherited)",
					"@executable_path/Frameworks",
				);
				MARKETING_VERSION = 1.0;
				PRODUCT_BUNDLE_IDENTIFIER = "com.yeonsu.Lotto-draw";
				PRODUCT_NAME = "$(TARGET_NAME)";
				SWIFT_EMIT_LOC_STRINGS = YES;
				SWIFT_VERSION = 5.0;
				TARGETED_DEVICE_FAMILY = "1,2";
			};
			name = Release;
		};
/* End XCBuildConfiguration section */

/* Begin XCConfigurationList section */
		2FEBA215295B4C3F006C7D1C /* Build configuration list for PBXProject "Lotto-draw" */ = {
			isa = XCConfigurationList;
			buildConfigurations = (
				2FEBA22C295B4C40006C7D1C /* Debug */,
				2FEBA22D295B4C40006C7D1C /* Release */,
			);
			defaultConfigurationIsVisible = 0;
			defaultConfigurationName = Release;
		};
		2FEBA22E295B4C40006C7D1C /* Build configuration list for PBXNativeTarget "Lotto-draw" */ = {
			isa = XCConfigurationList;
			buildConfigurations = (
				2FEBA22F295B4C40006C7D1C /* Debug */,
				2FEBA230295B4C40006C7D1C /* Release */,
			);
			defaultConfigurationIsVisible = 0;
			defaultConfigurationName = Release;
		};
/* End XCConfigurationList section */
	};
	rootObject = 2FEBA212295B4C3F006C7D1C /* Project object */;
}
